{
  "name": "test-resolve-compat",
  "lockfileVersion": 3,
  "requires": true,
  "packages": {
    "": {
      "name": "test-resolve-compat",
      "dependencies": {
        "a": "file:./node-modules/a/a-1.0.0.tgz",
        "b": "file:../3/node-modules/b"
      }
    },
    "../3/node-modules/b": {
      "version": "1.0.0"
    },
    "node_modules/a": {
      "version": "1.0.0",
      "resolved": "file:node-modules/a/a-1.0.0.tgz",
      "integrity": "sha512-Xy3UTJd44KUsvfdbzGPQoEgfZG75sHMspa+iWWIBACz1ZxtE/YXVpOYaA4z5KhVfKCE1z4aTy7OSdZN0kFBEVg=="
    },
    "node_modules/b": {
      "resolved": "../3/node-modules/b",
      "link": true
    }
  }
}
