{
  "name": "troubleshooting",
  "version": "1.0.0",
  "lockfileVersion": 3,
  "requires": true,
  "packages": {
    "": {
      "name": "troubleshooting",
      "version": "1.0.0",
      "license": "ISC",
      "dependencies": {
        "@example/dynamicre": "file:_packages/dynamicre",
        "@example/override": "file:_packages/override",
        "@example/polyfill": "file:_packages/polyfill",
        "@example/unrecognizedpolicy": "file:_packages/unrecognizedpolicy",
        "eslint-plugin-security": "^3.0.0",
        "override": "^0.0.1",
        "polyfill": "^0.1.0"
      },
      "devDependencies": {
        "lavamoat": "^9.0.10",
        "ses": "^1.14.0"
      }
    },
    "_packages/dynamicre": {
      "name": "@example/dynamicre",
      "version": "1.0.0",
      "license": "ISC"
    },
    "_packages/override": {
      "name": "@example/override",
      "version": "1.0.0",
      "license": "ISC"
    },
    "_packages/polyfill": {
      "name": "@example/polyfill",
      "version": "1.0.0",
      "license": "ISC"
    },
    "_packages/unrecognizedpolicy": {
      "name": "@example/unrecognizedpolicy",
      "version": "1.0.0",
      "license": "ISC"
    },
    "node_modules/@babel/code-frame": {
      "version": "7.27.1",
      "resolved": "https://registry.npmjs.org/@babel/code-frame/-/code-frame-7.27.1.tgz",
      "integrity": "sha512-cjQ7ZlQ0Mv3b47hABuTevyTuYN4i+loJKGeV9flcCgIK37cCXRh+L1bd3iBHlynerhQ7BhCkn2BPbQUL+rGqFg==",
      "dev": true,
      "license": "MIT",
      "dependencies": {
        "@babel/helper-validator-identifier": "^7.27.1",
        "js-tokens": "^4.0.0",
        "picocolors": "^1.1.1"
      },
      "engines": {
        "node": ">=6.9.0"
      }
    },
    "node_modules/@babel/generator": {
      "version": "7.28.0",
      "resolved": "https://registry.npmjs.org/@babel/generator/-/generator-7.28.0.tgz",
      "integrity": "sha512-lJjzvrbEeWrhB4P3QBsH7tey117PjLZnDbLiQEKjQ/fNJTjuq4HSqgFA+UNSwZT8D7dxxbnuSBMsa1lrWzKlQg==",
      "dev": true,
      "license": "MIT",
      "dependencies": {
        "@babel/parser": "^7.28.0",
        "@babel/types": "^7.28.0",
        "@jridgewell/gen-mapping": "^0.3.12",
        "@jridgewell/trace-mapping": "^0.3.28",
        "jsesc": "^3.0.2"
      },
      "engines": {
        "node": ">=6.9.0"
      }
    },
    "node_modules/@babel/generator/node_modules/@babel/parser": {
      "version": "7.28.0",
      "resolved": "https://registry.npmjs.org/@babel/parser/-/parser-7.28.0.tgz",
      "integrity": "sha512-jVZGvOxOuNSsuQuLRTh13nU0AogFlw32w/MT+LV6D3sP5WdbW61E77RnkbaO2dUvmPAYrBDJXGn5gGS6tH4j8g==",
      "dev": true,
      "license": "MIT",
      "dependencies": {
        "@babel/types": "^7.28.0"
      },
      "bin": {
        "parser": "bin/babel-parser.js"
      },
      "engines": {
        "node": ">=6.0.0"
      }
    },
    "node_modules/@babel/generator/node_modules/@babel/types": {
      "version": "7.28.1",
      "resolved": "https://registry.npmjs.org/@babel/types/-/types-7.28.1.tgz",
      "integrity": "sha512-x0LvFTekgSX+83TI28Y9wYPUfzrnl2aT5+5QLnO6v7mSJYtEEevuDRN0F0uSHRk1G1IWZC43o00Y0xDDrpBGPQ==",
      "dev": true,
      "license": "MIT",
      "dependencies": {
        "@babel/helper-string-parser": "^7.27.1",
        "@babel/helper-validator-identifier": "^7.27.1"
      },
      "engines": {
        "node": ">=6.9.0"
      }
    },
    "node_modules/@babel/helper-string-parser": {
      "version": "7.27.1",
      "resolved": "https://registry.npmjs.org/@babel/helper-string-parser/-/helper-string-parser-7.27.1.tgz",
      "integrity": "sha512-qMlSxKbpRlAridDExk92nSobyDdpPijUq2DW6oDnUqd0iOGxmQjyqhMIihI9+zv4LPyZdRje2cavWPbCbWm3eA==",
      "dev": true,
      "license": "MIT",
      "engines": {
        "node": ">=6.9.0"
      }
    },
    "node_modules/@babel/helper-validator-identifier": {
      "version": "7.27.1",
      "resolved": "https://registry.npmjs.org/@babel/helper-validator-identifier/-/helper-validator-identifier-7.27.1.tgz",
      "integrity": "sha512-D2hP9eA+Sqx1kBZgzxZh0y1trbuU+JoDkiEwqhQ36nodYqJwyEIhPSdMNd7lOm/4io72luTPWH20Yda0xOuUow==",
      "dev": true,
      "license": "MIT",
      "engines": {
        "node": ">=6.9.0"
      }
    },
    "node_modules/@babel/highlight": {
      "version": "7.25.9",
      "resolved": "https://registry.npmjs.org/@babel/highlight/-/highlight-7.25.9.tgz",
      "integrity": "sha512-llL88JShoCsth8fF8R4SJnIn+WLvR6ccFxu1H3FlMhDontdcmZWf2HgIZ7AIqV3Xcck1idlohrN4EUBQz6klbw==",
      "dev": true,
      "license": "MIT",
      "dependencies": {
        "@babel/helper-validator-identifier": "^7.25.9",
        "chalk": "^2.4.2",
        "js-tokens": "^4.0.0",
        "picocolors": "^1.0.0"
      },
      "engines": {
        "node": ">=6.9.0"
      }
    },
    "node_modules/@babel/parser": {
      "version": "7.27.3",
      "resolved": "https://registry.npmjs.org/@babel/parser/-/parser-7.27.3.tgz",
      "integrity": "sha512-xyYxRj6+tLNDTWi0KCBcZ9V7yg3/lwL9DWh9Uwh/RIVlIfFidggcgxKX3GCXwCiswwcGRawBKbEg2LG/Y8eJhw==",
      "dev": true,
      "license": "MIT",
      "dependencies": {
        "@babel/types": "^7.27.3"
      },
      "bin": {
        "parser": "bin/babel-parser.js"
      },
      "engines": {
        "node": ">=6.0.0"
      }
    },
    "node_modules/@babel/template": {
      "version": "7.27.2",
      "resolved": "https://registry.npmjs.org/@babel/template/-/template-7.27.2.tgz",
      "integrity": "sha512-LPDZ85aEJyYSd18/DkjNh4/y1ntkE5KwUHWTiqgRxruuZL2F1yuHligVHLvcHY2vMHXttKFpJn6LwfI7cw7ODw==",
      "dev": true,
      "license": "MIT",
      "dependencies": {
        "@babel/code-frame": "^7.27.1",
        "@babel/parser": "^7.27.2",
        "@babel/types": "^7.27.1"
      },
      "engines": {
        "node": ">=6.9.0"
      }
    },
    "node_modules/@babel/traverse": {
      "version": "7.27.3",
      "resolved": "https://registry.npmjs.org/@babel/traverse/-/traverse-7.27.3.tgz",
      "integrity": "sha512-lId/IfN/Ye1CIu8xG7oKBHXd2iNb2aW1ilPszzGcJug6M8RCKfVNcYhpI5+bMvFYjK7lXIM0R+a+6r8xhHp2FQ==",
      "dev": true,
      "license": "MIT",
      "dependencies": {
        "@babel/code-frame": "^7.27.1",
        "@babel/generator": "^7.27.3",
        "@babel/parser": "^7.27.3",
        "@babel/template": "^7.27.2",
        "@babel/types": "^7.27.3",
        "debug": "^4.3.1",
        "globals": "^11.1.0"
      },
      "engines": {
        "node": ">=6.9.0"
      }
    },
    "node_modules/@babel/types": {
      "version": "7.27.3",
      "resolved": "https://registry.npmjs.org/@babel/types/-/types-7.27.3.tgz",
      "integrity": "sha512-Y1GkI4ktrtvmawoSq+4FCVHNryea6uR+qUQy0AGxLSsjCX0nVmkYQMBLHDkXZuo5hGx7eYdnIaslsdBFm7zbUw==",
      "dev": true,
      "license": "MIT",
      "dependencies": {
        "@babel/helper-string-parser": "^7.27.1",
        "@babel/helper-validator-identifier": "^7.27.1"
      },
      "engines": {
        "node": ">=6.9.0"
      }
    },
    "node_modules/@endo/cache-map": {
      "version": "1.1.0",
      "resolved": "https://registry.npmjs.org/@endo/cache-map/-/cache-map-1.1.0.tgz",
      "integrity": "sha512-owFGshs/97PDw9oguZqU/px8Lv1d0KjAUtDUiPwKHNXRVUE/jyettEbRoTbNJR1OaI8biMn6bHr9kVJsOh6dXw==",
      "dev": true,
      "license": "Apache-2.0"
    },
    "node_modules/@endo/env-options": {
      "version": "1.1.11",
      "resolved": "https://registry.npmjs.org/@endo/env-options/-/env-options-1.1.11.tgz",
      "integrity": "sha512-p9OnAPsdqoX4YJsE98e3NBVhIr2iW9gNZxHhAI2/Ul5TdRfoOViItzHzTqrgUVopw6XxA1u1uS6CykLMDUxarA==",
      "dev": true,
      "license": "Apache-2.0"
    },
    "node_modules/@endo/immutable-arraybuffer": {
      "version": "1.1.2",
      "resolved": "https://registry.npmjs.org/@endo/immutable-arraybuffer/-/immutable-arraybuffer-1.1.2.tgz",
      "integrity": "sha512-u+NaYB2aqEugQ3u7w3c5QNkPogf8q/xGgsPaqdY6pUiGWtYiTiFspKFcha6+oeZhWXWQ23rf0KrUq0kfuzqYyQ==",
      "dev": true,
      "license": "Apache-2.0"
    },
    "node_modules/@example/dynamicre": {
      "resolved": "_packages/dynamicre",
      "link": true
    },
    "node_modules/@example/override": {
      "resolved": "_packages/override",
      "link": true
    },
    "node_modules/@example/polyfill": {
      "resolved": "_packages/polyfill",
      "link": true
    },
    "node_modules/@example/unrecognizedpolicy": {
      "resolved": "_packages/unrecognizedpolicy",
      "link": true
    },
    "node_modules/@jridgewell/gen-mapping": {
      "version": "0.3.12",
      "resolved": "https://registry.npmjs.org/@jridgewell/gen-mapping/-/gen-mapping-0.3.12.tgz",
      "integrity": "sha512-OuLGC46TjB5BbN1dH8JULVVZY4WTdkF7tV9Ys6wLL1rubZnCMstOhNHueU5bLCrnRuDhKPDM4g6sw4Bel5Gzqg==",
      "dev": true,
      "license": "MIT",
      "dependencies": {
        "@jridgewell/sourcemap-codec": "^1.5.0",
        "@jridgewell/trace-mapping": "^0.3.24"
      }
    },
    "node_modules/@jridgewell/resolve-uri": {
      "version": "3.1.2",
      "resolved": "https://registry.npmjs.org/@jridgewell/resolve-uri/-/resolve-uri-3.1.2.tgz",
      "integrity": "sha512-bRISgCIjP20/tbWSPWMEi54QVPRZExkuD9lJL+UIxUKtwVJA8wW1Trb1jMs1RFXo1CBTNZ/5hpC9QvmKWdopKw==",
      "dev": true,
      "license": "MIT",
      "engines": {
        "node": ">=6.0.0"
      }
    },
    "node_modules/@jridgewell/sourcemap-codec": {
      "version": "1.5.4",
      "resolved": "https://registry.npmjs.org/@jridgewell/sourcemap-codec/-/sourcemap-codec-1.5.4.tgz",
      "integrity": "sha512-VT2+G1VQs/9oz078bLrYbecdZKs912zQlkelYpuf+SXF+QvZDYJlbx/LSx+meSAwdDFnF8FVXW92AVjjkVmgFw==",
      "dev": true,
      "license": "MIT"
    },
    "node_modules/@jridgewell/trace-mapping": {
      "version": "0.3.29",
      "resolved": "https://registry.npmjs.org/@jridgewell/trace-mapping/-/trace-mapping-0.3.29.tgz",
      "integrity": "sha512-uw6guiW/gcAGPDhLmd77/6lW8QLeiV5RUTsAX46Db6oLhGaVj4lhnPwb184s1bkc8kdVg/+h988dro8GRDpmYQ==",
      "dev": true,
      "license": "MIT",
      "dependencies": {
        "@jridgewell/resolve-uri": "^3.1.0",
        "@jridgewell/sourcemap-codec": "^1.4.14"
      }
    },
    "node_modules/@lavamoat/aa": {
      "version": "4.3.3",
      "resolved": "https://registry.npmjs.org/@lavamoat/aa/-/aa-4.3.3.tgz",
      "integrity": "sha512-JzZGe6Og7NmOGMT9pWKqcijUQ9qPDgLIsJUT5o7igG3BnXaGKnHxWAqCtlIDRB92Wkr2Ix3O+0E06E1dkC1tiw==",
      "dev": true,
      "license": "MIT",
      "dependencies": {
        "resolve": "1.22.10"
      },
      "bin": {
        "lavamoat-ls": "src/cli.js"
      },
      "engines": {
        "node": "^16.20.0 || ^18.0.0 || ^20.0.0 || ^22.0.0 || ^24.0.0"
      }
    },
    "node_modules/@types/babel__traverse": {
      "version": "7.20.7",
      "resolved": "https://registry.npmjs.org/@types/babel__traverse/-/babel__traverse-7.20.7.tgz",
      "integrity": "sha512-dkO5fhS7+/oos4ciWxyEyjWe48zmG6wbCheo/G2ZnHx4fs3EU6YC6UM8rk56gAjNJ9P3MTH2jo5jb92/K6wbng==",
      "dev": true,
      "license": "MIT",
      "dependencies": {
        "@babel/types": "^7.20.7"
      }
    },
    "node_modules/ansi-regex": {
      "version": "5.0.1",
      "resolved": "https://registry.npmjs.org/ansi-regex/-/ansi-regex-5.0.1.tgz",
      "integrity": "sha512-quJQXlTSUGL2LH9SUXo8VwsY4soanhgo6LNSm84E1LBcE8s3O0wpdiRzyR9z/ZZJMlMWv37qOOb9pdJlMUEKFQ==",
      "dev": true,
      "engines": {
        "node": ">=8"
      }
    },
    "node_modules/ansi-styles": {
      "version": "3.2.1",
      "resolved": "https://registry.npmjs.org/ansi-styles/-/ansi-styles-3.2.1.tgz",
      "integrity": "sha512-VT0ZI6kZRdTh8YyJw3SMbYm/u+NqfsAxEpWO0Pf9sq8/e94WxxOpPKx9FR1FlyCtOVDNOQ+8ntlqFxiRc+r5qA==",
      "dev": true,
      "license": "MIT",
      "dependencies": {
        "color-convert": "^1.9.0"
      },
      "engines": {
        "node": ">=4"
      }
    },
    "node_modules/arr-union": {
      "version": "3.1.0",
      "resolved": "https://registry.npmjs.org/arr-union/-/arr-union-3.1.0.tgz",
      "integrity": "sha512-sKpyeERZ02v1FeCZT8lrfJq5u6goHCtpTAzPwJYe7c8SPFOboNjNg1vz2L4VTn9T4PQxEx13TbXLmYUcS6Ug7Q==",
      "dev": true,
      "license": "MIT",
      "engines": {
        "node": ">=0.10.0"
      }
    },
    "node_modules/bindings": {
      "version": "1.5.0",
      "resolved": "https://registry.npmjs.org/bindings/-/bindings-1.5.0.tgz",
      "integrity": "sha512-p2q/t/mhvuOj/UeLlV6566GD/guowlr0hHxClI0W9m7MWYkL1F0hLo+0Aexs9HSPCtR1SXQ0TD3MMKrXZajbiQ==",
      "dev": true,
      "dependencies": {
        "file-uri-to-path": "1.0.0"
      }
    },
    "node_modules/call-bind": {
      "version": "1.0.8",
      "resolved": "https://registry.npmjs.org/call-bind/-/call-bind-1.0.8.tgz",
      "integrity": "sha512-oKlSFMcMwpUg2ednkhQ454wfWiU/ul3CkJe/PEHcTKuiX6RpbehUiFMXu13HalGZxfUwCQzZG747YXBn1im9ww==",
      "dev": true,
      "license": "MIT",
      "dependencies": {
        "call-bind-apply-helpers": "^1.0.0",
        "es-define-property": "^1.0.0",
        "get-intrinsic": "^1.2.4",
        "set-function-length": "^1.2.2"
      },
      "engines": {
        "node": ">= 0.4"
      },
      "funding": {
        "url": "https://github.com/sponsors/ljharb"
      }
    },
    "node_modules/call-bind-apply-helpers": {
      "version": "1.0.2",
      "resolved": "https://registry.npmjs.org/call-bind-apply-helpers/-/call-bind-apply-helpers-1.0.2.tgz",
      "integrity": "sha512-Sp1ablJ0ivDkSzjcaJdxEunN5/XvksFJ2sMBFfq6x0ryhQV/2b/KwFe21cMpmHtPOSij8K99/wSfoEuTObmuMQ==",
      "dev": true,
      "license": "MIT",
      "dependencies": {
        "es-errors": "^1.3.0",
        "function-bind": "^1.1.2"
      },
      "engines": {
        "node": ">= 0.4"
      }
    },
    "node_modules/call-bound": {
      "version": "1.0.4",
      "resolved": "https://registry.npmjs.org/call-bound/-/call-bound-1.0.4.tgz",
      "integrity": "sha512-+ys997U96po4Kx/ABpBCqhA9EuxJaQWDQg7295H4hBphv3IZg0boBKuwYpt4YXp6MZ5AmZQnU/tyMTlRpaSejg==",
      "dev": true,
      "license": "MIT",
      "dependencies": {
        "call-bind-apply-helpers": "^1.0.2",
        "get-intrinsic": "^1.3.0"
      },
      "engines": {
        "node": ">= 0.4"
      },
      "funding": {
        "url": "https://github.com/sponsors/ljharb"
      }
    },
    "node_modules/chalk": {
      "version": "2.4.2",
      "resolved": "https://registry.npmjs.org/chalk/-/chalk-2.4.2.tgz",
      "integrity": "sha512-Mti+f9lpJNcwF4tWV8/OrTTtF1gZi+f8FqlyAdouralcFWFQWF2+NgCHShjkCb+IFBLq9buZwE1xckQU4peSuQ==",
      "dev": true,
      "license": "MIT",
      "dependencies": {
        "ansi-styles": "^3.2.1",
        "escape-string-regexp": "^1.0.5",
        "supports-color": "^5.3.0"
      },
      "engines": {
        "node": ">=4"
      }
    },
    "node_modules/cliui": {
      "version": "8.0.1",
      "resolved": "https://registry.npmjs.org/cliui/-/cliui-8.0.1.tgz",
      "integrity": "sha512-BSeNnyus75C4//NQ9gQt1/csTXyo/8Sb+afLAkzAptFuMsod9HFokGNudZpi/oQV73hnVK+sR+5PVRMd+Dr7YQ==",
      "dev": true,
      "dependencies": {
        "string-width": "^4.2.0",
        "strip-ansi": "^6.0.1",
        "wrap-ansi": "^7.0.0"
      },
      "engines": {
        "node": ">=12"
      }
    },
    "node_modules/clone-deep": {
      "version": "0.2.4",
      "resolved": "https://registry.npmjs.org/clone-deep/-/clone-deep-0.2.4.tgz",
      "integrity": "sha512-we+NuQo2DHhSl+DP6jlUiAhyAjBQrYnpOk15rN6c6JSPScjiCLh8IbSU+VTcph6YS3o7mASE8a0+gbZ7ChLpgg==",
      "dev": true,
      "license": "MIT",
      "dependencies": {
        "for-own": "^0.1.3",
        "is-plain-object": "^2.0.1",
        "kind-of": "^3.0.2",
        "lazy-cache": "^1.0.3",
        "shallow-clone": "^0.1.2"
      },
      "engines": {
        "node": ">=0.10.0"
      }
    },
    "node_modules/color-convert": {
      "version": "1.9.3",
      "resolved": "https://registry.npmjs.org/color-convert/-/color-convert-1.9.3.tgz",
      "integrity": "sha512-QfAUtd+vFdAtFQcC8CCyYt1fYWxSqAiK2cSD6zDB8N3cpsEBAvRxp9zOGg6G/SHHJYAT88/az/IuDGALsNVbGg==",
      "dev": true,
      "license": "MIT",
      "dependencies": {
        "color-name": "1.1.3"
      }
    },
    "node_modules/color-name": {
      "version": "1.1.3",
      "resolved": "https://registry.npmjs.org/color-name/-/color-name-1.1.3.tgz",
      "integrity": "sha512-72fSenhMw2HZMTVHeCA9KCmpEIbzWiQsjN+BHcBbS9vr1mtt+vJjPdksIBNUmKAW8TFUDPJK5SUU3QhE9NEXDw==",
      "dev": true,
      "license": "MIT"
    },
    "node_modules/corepack": {
      "version": "0.33.0",
      "resolved": "https://registry.npmjs.org/corepack/-/corepack-0.33.0.tgz",
      "integrity": "sha512-XSX4BNjdwPXjUEk7/2r0vFhs1irwVncJRMyjzDel3PVKWnHQXehciX0WkvDrd1ujLLFJRe8FeZb9ASCqBtF/OA==",
      "dev": true,
      "license": "MIT",
      "bin": {
        "corepack": "dist/corepack.js",
        "pnpm": "dist/pnpm.js",
        "pnpx": "dist/pnpx.js",
        "yarn": "dist/yarn.js",
        "yarnpkg": "dist/yarnpkg.js"
      },
      "engines": {
        "node": "^18.17.1 || ^20.10.0 || >=22.11.0"
      }
    },
    "node_modules/debug": {
      "version": "4.4.1",
      "resolved": "https://registry.npmjs.org/debug/-/debug-4.4.1.tgz",
      "integrity": "sha512-KcKCqiftBJcZr++7ykoDIEwSa3XWowTfNPo92BYxjXiyYEVrUQh2aLyhxBCwww+heortUFxEJYcRzosstTEBYQ==",
      "dev": true,
      "license": "MIT",
      "dependencies": {
        "ms": "^2.1.3"
      },
      "engines": {
        "node": ">=6.0"
      },
      "peerDependenciesMeta": {
        "supports-color": {
          "optional": true
        }
      }
    },
    "node_modules/define-data-property": {
      "version": "1.1.4",
      "resolved": "https://registry.npmjs.org/define-data-property/-/define-data-property-1.1.4.tgz",
      "integrity": "sha512-rBMvIzlpA8v6E+SJZoo++HAYqsLrkg7MSfIinMPFhmkorw7X+dOXVJQs+QT69zGkzMyfDnIMN2Wid1+NbL3T+A==",
      "dev": true,
      "license": "MIT",
      "dependencies": {
        "es-define-property": "^1.0.0",
        "es-errors": "^1.3.0",
        "gopd": "^1.0.1"
      },
      "engines": {
        "node": ">= 0.4"
      },
      "funding": {
        "url": "https://github.com/sponsors/ljharb"
      }
    },
    "node_modules/dunder-proto": {
      "version": "1.0.1",
      "resolved": "https://registry.npmjs.org/dunder-proto/-/dunder-proto-1.0.1.tgz",
      "integrity": "sha512-KIN/nDJBQRcXw0MLVhZE9iQHmG68qAVIBg9CqmUYjmQIhgij9U5MFvrqkUL5FbtyyzZuOeOt0zdeRe4UY7ct+A==",
      "dev": true,
      "license": "MIT",
      "dependencies": {
        "call-bind-apply-helpers": "^1.0.1",
        "es-errors": "^1.3.0",
        "gopd": "^1.2.0"
      },
      "engines": {
        "node": ">= 0.4"
      }
    },
    "node_modules/emoji-regex": {
      "version": "8.0.0",
      "resolved": "https://registry.npmjs.org/emoji-regex/-/emoji-regex-8.0.0.tgz",
      "integrity": "sha512-MSjYzcWNOA0ewAHpz0MxpYFvwg6yjy1NG3xteoqz644VCo/RPgnr1/GGt+ic3iJTzQ8Eu3TdM14SawnVUmGE6A==",
      "dev": true
    },
    "node_modules/es-define-property": {
      "version": "1.0.1",
      "resolved": "https://registry.npmjs.org/es-define-property/-/es-define-property-1.0.1.tgz",
      "integrity": "sha512-e3nRfgfUZ4rNGL232gUgX06QNyyez04KdjFrF+LTRoOXmrOgFKDg4BCdsjW8EnT69eqdYGmRpJwiPVYNrCaW3g==",
      "dev": true,
      "license": "MIT",
      "engines": {
        "node": ">= 0.4"
      }
    },
    "node_modules/es-errors": {
      "version": "1.3.0",
      "resolved": "https://registry.npmjs.org/es-errors/-/es-errors-1.3.0.tgz",
      "integrity": "sha512-Zf5H2Kxt2xjTvbJvP2ZWLEICxA6j+hAmMzIlypy4xcBg1vKVnx89Wy0GbS+kf5cwCVFFzdCFh2XSCFNULS6csw==",
      "dev": true,
      "license": "MIT",
      "engines": {
        "node": ">= 0.4"
      }
    },
    "node_modules/es-object-atoms": {
      "version": "1.1.1",
      "resolved": "https://registry.npmjs.org/es-object-atoms/-/es-object-atoms-1.1.1.tgz",
      "integrity": "sha512-FGgH2h8zKNim9ljj7dankFPcICIK9Cp5bm+c2gQSYePhpaG5+esrLODihIorn+Pe6FGJzWhXQotPv73jTaldXA==",
      "dev": true,
      "license": "MIT",
      "dependencies": {
        "es-errors": "^1.3.0"
      },
      "engines": {
        "node": ">= 0.4"
      }
    },
    "node_modules/escalade": {
      "version": "3.1.2",
      "resolved": "https://registry.npmjs.org/escalade/-/escalade-3.1.2.tgz",
      "integrity": "sha512-ErCHMCae19vR8vQGe50xIsVomy19rg6gFu3+r3jkEO46suLMWBksvVyoGgQV+jOfl84ZSOSlmv6Gxa89PmTGmA==",
      "dev": true,
      "engines": {
        "node": ">=6"
      }
    },
    "node_modules/escape-string-regexp": {
      "version": "1.0.5",
      "resolved": "https://registry.npmjs.org/escape-string-regexp/-/escape-string-regexp-1.0.5.tgz",
      "integrity": "sha512-vbRorB5FUQWvla16U8R/qgaFIya2qGzwDrNmCZuYKrbdSUMG6I1ZCGQRefkRVhuOkIGVne7BQ35DSfo1qvJqFg==",
      "dev": true,
      "license": "MIT",
      "engines": {
        "node": ">=0.8.0"
      }
    },
    "node_modules/eslint-plugin-security": {
      "version": "3.0.0",
      "resolved": "https://registry.npmjs.org/eslint-plugin-security/-/eslint-plugin-security-3.0.0.tgz",
      "integrity": "sha512-2Ij7PkmXIF2cKwoVkEgemwoXbOnxg5UfdhdcpNxZwJxC/10dbsdhHISrTyJ/n8DUkt3yiN6P1ywEgcMGjIwHIw==",
      "dependencies": {
        "safe-regex": "^2.1.1"
      },
      "engines": {
        "node": "^18.18.0 || ^20.9.0 || >=21.1.0"
      }
    },
    "node_modules/file-uri-to-path": {
      "version": "1.0.0",
      "resolved": "https://registry.npmjs.org/file-uri-to-path/-/file-uri-to-path-1.0.0.tgz",
      "integrity": "sha512-0Zt+s3L7Vf1biwWZ29aARiVYLx7iMGnEUl9x33fbB/j3jR81u/O2LbqK+Bm1CDSNDKVtJ/YjwY7TUd5SkeLQLw==",
      "dev": true
    },
    "node_modules/for-in": {
      "version": "1.0.2",
      "resolved": "https://registry.npmjs.org/for-in/-/for-in-1.0.2.tgz",
      "integrity": "sha512-7EwmXrOjyL+ChxMhmG5lnW9MPt1aIeZEwKhQzoBUdTV0N3zuwWDZYVJatDvZ2OyzPUvdIAZDsCetk3coyMfcnQ==",
      "dev": true,
      "license": "MIT",
      "engines": {
        "node": ">=0.10.0"
      }
    },
    "node_modules/for-own": {
      "version": "0.1.5",
      "resolved": "https://registry.npmjs.org/for-own/-/for-own-0.1.5.tgz",
      "integrity": "sha512-SKmowqGTJoPzLO1T0BBJpkfp3EMacCMOuH40hOUbrbzElVktk4DioXVM99QkLCyKoiuOmyjgcWMpVz2xjE7LZw==",
      "dev": true,
      "license": "MIT",
      "dependencies": {
        "for-in": "^1.0.1"
      },
      "engines": {
        "node": ">=0.10.0"
      }
    },
    "node_modules/function-bind": {
      "version": "1.1.2",
      "resolved": "https://registry.npmjs.org/function-bind/-/function-bind-1.1.2.tgz",
      "integrity": "sha512-7XHNxH7qX9xG5mIwxkhumTox/MIRNcOgDrxWsMt2pAr23WHp6MrRlN7FBSFpCpr+oVO0F744iUgR82nJMfG2SA==",
      "dev": true,
      "license": "MIT",
      "funding": {
        "url": "https://github.com/sponsors/ljharb"
      }
    },
    "node_modules/get-caller-file": {
      "version": "2.0.5",
      "resolved": "https://registry.npmjs.org/get-caller-file/-/get-caller-file-2.0.5.tgz",
      "integrity": "sha512-DyFP3BM/3YHTQOCUL/w0OZHR0lpKeGrxotcHWcqNEdnltqFwXVfhEBQ94eIo34AfQpo0rGki4cyIiftY06h2Fg==",
      "dev": true,
      "engines": {
        "node": "6.* || 8.* || >= 10.*"
      }
    },
    "node_modules/get-intrinsic": {
      "version": "1.3.0",
      "resolved": "https://registry.npmjs.org/get-intrinsic/-/get-intrinsic-1.3.0.tgz",
      "integrity": "sha512-9fSjSaos/fRIVIp+xSJlE6lfwhES7LNtKaCBIamHsjr2na1BiABJPo0mOjjz8GJDURarmCPGqaiVg5mfjb98CQ==",
      "dev": true,
      "license": "MIT",
      "dependencies": {
        "call-bind-apply-helpers": "^1.0.2",
        "es-define-property": "^1.0.1",
        "es-errors": "^1.3.0",
        "es-object-atoms": "^1.1.1",
        "function-bind": "^1.1.2",
        "get-proto": "^1.0.1",
        "gopd": "^1.2.0",
        "has-symbols": "^1.1.0",
        "hasown": "^2.0.2",
        "math-intrinsics": "^1.1.0"
      },
      "engines": {
        "node": ">= 0.4"
      },
      "funding": {
        "url": "https://github.com/sponsors/ljharb"
      }
    },
    "node_modules/get-proto": {
      "version": "1.0.1",
      "resolved": "https://registry.npmjs.org/get-proto/-/get-proto-1.0.1.tgz",
      "integrity": "sha512-sTSfBjoXBp89JvIKIefqw7U2CCebsc74kiY6awiGogKtoSGbgjYE/G/+l9sF3MWFPNc9IcoOC4ODfKHfxFmp0g==",
      "dev": true,
      "license": "MIT",
      "dependencies": {
        "dunder-proto": "^1.0.1",
        "es-object-atoms": "^1.0.0"
      },
      "engines": {
        "node": ">= 0.4"
      }
    },
    "node_modules/globals": {
      "version": "11.12.0",
      "resolved": "https://registry.npmjs.org/globals/-/globals-11.12.0.tgz",
      "integrity": "sha512-WOBp/EEGUiIsJSp7wcv/y6MO+lV9UoncWqxuFfm8eBwzWNgyfBd6Gz+IeKQ9jCmyhoH99g15M3T+QaVHFjizVA==",
      "dev": true,
      "license": "MIT",
      "engines": {
        "node": ">=4"
      }
    },
    "node_modules/gopd": {
      "version": "1.2.0",
      "resolved": "https://registry.npmjs.org/gopd/-/gopd-1.2.0.tgz",
      "integrity": "sha512-ZUKRh6/kUFoAiTAtTYPZJ3hw9wNxx+BIBOijnlG9PnrJsCcSjs1wyyD6vJpaYtgnzDrKYRSqf3OO6Rfa93xsRg==",
      "dev": true,
      "license": "MIT",
      "engines": {
        "node": ">= 0.4"
      },
      "funding": {
        "url": "https://github.com/sponsors/ljharb"
      }
    },
    "node_modules/has-flag": {
      "version": "3.0.0",
      "resolved": "https://registry.npmjs.org/has-flag/-/has-flag-3.0.0.tgz",
      "integrity": "sha512-sKJf1+ceQBr4SMkvQnBDNDtf4TXpVhVGateu0t918bl30FnbE2m4vNLX+VWe/dpjlb+HugGYzW7uQXH98HPEYw==",
      "dev": true,
      "license": "MIT",
      "engines": {
        "node": ">=4"
      }
    },
    "node_modules/has-property-descriptors": {
      "version": "1.0.2",
      "resolved": "https://registry.npmjs.org/has-property-descriptors/-/has-property-descriptors-1.0.2.tgz",
      "integrity": "sha512-55JNKuIW+vq4Ke1BjOTjM2YctQIvCT7GFzHwmfZPGo5wnrgkid0YQtnAleFSqumZm4az3n2BS+erby5ipJdgrg==",
      "dev": true,
      "license": "MIT",
      "dependencies": {
        "es-define-property": "^1.0.0"
      },
      "funding": {
        "url": "https://github.com/sponsors/ljharb"
      }
    },
    "node_modules/has-symbols": {
      "version": "1.1.0",
      "resolved": "https://registry.npmjs.org/has-symbols/-/has-symbols-1.1.0.tgz",
      "integrity": "sha512-1cDNdwJ2Jaohmb3sg4OmKaMBwuC48sYni5HUw2DvsC8LjGTLK9h+eb1X6RyuOHe4hT0ULCW68iomhjUoKUqlPQ==",
      "dev": true,
      "license": "MIT",
      "engines": {
        "node": ">= 0.4"
      },
      "funding": {
        "url": "https://github.com/sponsors/ljharb"
      }
    },
    "node_modules/hasown": {
      "version": "2.0.2",
      "resolved": "https://registry.npmjs.org/hasown/-/hasown-2.0.2.tgz",
      "integrity": "sha512-0hJU9SCPvmMzIBdZFqNPXWa6dqh7WdH0cII9y+CyS8rG3nL48Bclra9HmKhVVUHyPWNH5Y7xDwAB7bfgSjkUMQ==",
      "dev": true,
      "license": "MIT",
      "dependencies": {
        "function-bind": "^1.1.2"
      },
      "engines": {
        "node": ">= 0.4"
      }
    },
    "node_modules/htmlescape": {
      "version": "1.1.1",
      "resolved": "https://registry.npmjs.org/htmlescape/-/htmlescape-1.1.1.tgz",
      "integrity": "sha512-eVcrzgbR4tim7c7soKQKtxa/kQM4TzjnlU83rcZ9bHU6t31ehfV7SktN6McWgwPWg+JYMA/O3qpGxBvFq1z2Jg==",
      "dev": true,
      "engines": {
        "node": ">=0.10"
      }
    },
    "node_modules/is-buffer": {
      "version": "1.1.6",
      "resolved": "https://registry.npmjs.org/is-buffer/-/is-buffer-1.1.6.tgz",
      "integrity": "sha512-NcdALwpXkTm5Zvvbk7owOUSvVvBKDgKP5/ewfXEznmQFfs4ZRmanOeKBTjRVjka3QFoN6XJ+9F3USqfHqTaU5w==",
      "dev": true,
      "license": "MIT"
    },
    "node_modules/is-core-module": {
      "version": "2.16.1",
      "resolved": "https://registry.npmjs.org/is-core-module/-/is-core-module-2.16.1.tgz",
      "integrity": "sha512-UfoeMA6fIJ8wTYFEUjelnaGI67v6+N7qXJEvQuIGa99l4xsCruSYOVSQ0uPANn4dAzm8lkYPaKLrrijLq7x23w==",
      "dev": true,
      "license": "MIT",
      "dependencies": {
        "hasown": "^2.0.2"
      },
      "engines": {
        "node": ">= 0.4"
      },
      "funding": {
        "url": "https://github.com/sponsors/ljharb"
      }
    },
    "node_modules/is-extendable": {
      "version": "0.1.1",
      "resolved": "https://registry.npmjs.org/is-extendable/-/is-extendable-0.1.1.tgz",
      "integrity": "sha512-5BMULNob1vgFX6EjQw5izWDxrecWK9AM72rugNr0TFldMOi0fj6Jk+zeKIt0xGj4cEfQIJth4w3OKWOJ4f+AFw==",
      "dev": true,
      "license": "MIT",
      "engines": {
        "node": ">=0.10.0"
      }
    },
    "node_modules/is-fullwidth-code-point": {
      "version": "3.0.0",
      "resolved": "https://registry.npmjs.org/is-fullwidth-code-point/-/is-fullwidth-code-point-3.0.0.tgz",
      "integrity": "sha512-zymm5+u+sCsSWyD9qNaejV3DFvhCKclKdizYaJUuHA83RLjb7nSuGnddCHGv0hk+KY7BMAlsWeK4Ueg6EV6XQg==",
      "dev": true,
      "engines": {
        "node": ">=8"
      }
    },
    "node_modules/is-plain-object": {
      "version": "2.0.4",
      "resolved": "https://registry.npmjs.org/is-plain-object/-/is-plain-object-2.0.4.tgz",
      "integrity": "sha512-h5PpgXkWitc38BBMYawTYMWJHFZJVnBquFE57xFpjB8pJFiF6gZ+bU+WyI/yqXiFR5mdLsgYNaPe8uao6Uv9Og==",
      "dev": true,
      "license": "MIT",
      "dependencies": {
        "isobject": "^3.0.1"
      },
      "engines": {
        "node": ">=0.10.0"
      }
    },
    "node_modules/isarray": {
      "version": "2.0.5",
      "resolved": "https://registry.npmjs.org/isarray/-/isarray-2.0.5.tgz",
      "integrity": "sha512-xHjhDr3cNBK0BzdUJSPXZntQUx/mwMS5Rw4A7lPJ90XGAO6ISP/ePDNuo0vhqOZU+UD5JoodwCAAoZQd3FeAKw==",
      "dev": true,
      "license": "MIT"
    },
    "node_modules/isobject": {
      "version": "3.0.1",
      "resolved": "https://registry.npmjs.org/isobject/-/isobject-3.0.1.tgz",
      "integrity": "sha512-WhB9zCku7EGTj/HQQRz5aUQEUeoQZH2bWcltRErOpymJ4boYE6wL9Tbr23krRPSZ+C5zqNSrSw+Cc7sZZ4b7vg==",
      "dev": true,
      "license": "MIT",
      "engines": {
        "node": ">=0.10.0"
      }
    },
    "node_modules/js-tokens": {
      "version": "4.0.0",
      "resolved": "https://registry.npmjs.org/js-tokens/-/js-tokens-4.0.0.tgz",
      "integrity": "sha512-RdJUflcE3cUzKiMqQgsCu06FPu9UdIJO0beYbPhHN4k6apgJtifcoCtT9bcxOpYBtpD2kCM6Sbzg4CausW/PKQ==",
      "dev": true,
      "license": "MIT"
    },
    "node_modules/jsesc": {
      "version": "3.1.0",
      "resolved": "https://registry.npmjs.org/jsesc/-/jsesc-3.1.0.tgz",
      "integrity": "sha512-/sM3dO2FOzXjKQhJuo0Q173wf2KOo8t4I8vHy6lF9poUp7bKT0/NHE8fPX23PwfhnykfqnC2xRxOnVw5XuGIaA==",
      "dev": true,
      "license": "MIT",
      "bin": {
        "jsesc": "bin/jsesc"
      },
      "engines": {
        "node": ">=6"
      }
    },
    "node_modules/json-stable-stringify": {
      "version": "1.3.0",
      "resolved": "https://registry.npmjs.org/json-stable-stringify/-/json-stable-stringify-1.3.0.tgz",
      "integrity": "sha512-qtYiSSFlwot9XHtF9bD9c7rwKjr+RecWT//ZnPvSmEjpV5mmPOCN4j8UjY5hbjNkOwZ/jQv3J6R1/pL7RwgMsg==",
      "dev": true,
      "license": "MIT",
      "dependencies": {
        "call-bind": "^1.0.8",
        "call-bound": "^1.0.4",
        "isarray": "^2.0.5",
        "jsonify": "^0.0.1",
        "object-keys": "^1.1.1"
      },
      "engines": {
        "node": ">= 0.4"
      },
      "funding": {
        "url": "https://github.com/sponsors/ljharb"
      }
    },
    "node_modules/json3": {
      "version": "3.2.4",
      "resolved": "https://registry.npmjs.org/json3/-/json3-3.2.4.tgz",
      "integrity": "sha512-F2R+w8lYbeme21HBvmfTXK3ogopKze5Abjb0cF5mEsZ4KJmDwzR6oO8XsUrrBP0yzpqBRYImh32ci6JKFrte7Q==",
      "deprecated": "Please use the native JSON object instead of JSON 3",
      "engines": {
        "node": "*"
      }
    },
    "node_modules/jsonify": {
      "version": "0.0.1",
      "resolved": "https://registry.npmjs.org/jsonify/-/jsonify-0.0.1.tgz",
      "integrity": "sha512-2/Ki0GcmuqSrgFyelQq9M05y7PS0mEwuIzrf3f1fPqkVDVRvZrPZtVSMHxdgo8Aq0sxAOb/cr2aqqA3LeWHVPg==",
      "dev": true,
      "license": "Public Domain",
      "funding": {
        "url": "https://github.com/sponsors/ljharb"
      }
    },
    "node_modules/kind-of": {
      "version": "3.2.2",
      "resolved": "https://registry.npmjs.org/kind-of/-/kind-of-3.2.2.tgz",
      "integrity": "sha512-NOW9QQXMoZGg/oqnVNoNTTIFEIid1627WCffUBJEdMxYApq7mNE7CpzucIPc+ZQg25Phej7IJSmX3hO+oblOtQ==",
      "dev": true,
      "license": "MIT",
      "dependencies": {
        "is-buffer": "^1.1.5"
      },
      "engines": {
        "node": ">=0.10.0"
      }
    },
    "node_modules/lavamoat": {
      "version": "9.0.10",
      "resolved": "https://registry.npmjs.org/lavamoat/-/lavamoat-9.0.10.tgz",
      "integrity": "sha512-ktQZHaW+G28kg8n+J3DQu3L7v9UCyPBgc04sI3nRc2GfBwAYjrD4ELrIZ+HuR6GaIbmOGUL0A8gXuVqpqLR4IA==",
      "dev": true,
      "license": "MIT",
      "dependencies": {
        "@babel/code-frame": "7.27.1",
        "@babel/highlight": "7.25.9",
        "@lavamoat/aa": "^4.3.3",
        "bindings": "1.5.0",
        "corepack": "0.33.0",
        "htmlescape": "1.1.1",
        "lavamoat-core": "^16.5.0",
        "lavamoat-tofu": "^8.0.8",
        "node-gyp-build": "4.8.4",
        "resolve": "1.22.10",
        "yargs": "17.7.2"
      },
      "bin": {
        "lavamoat": "src/cli.js",
        "lavamoat-run-command": "src/run-command.js"
      },
      "engines": {
        "node": "^18.0.0 || ^20.0.0 <20.15.0 || ^20.17.0 || ^22.5.1 || ^24.0.0"
      }
    },
    "node_modules/lavamoat-core": {
      "version": "16.5.0",
      "resolved": "https://registry.npmjs.org/lavamoat-core/-/lavamoat-core-16.5.0.tgz",
      "integrity": "sha512-biL72HfZ2eSrlunRl6NzlLaup/GOzkXRSJRKCyhVu7/lS5pv9imWkSI86Ls2qXu9FmZyk9ZtO3mYbp/OWuKeyQ==",
      "dev": true,
      "license": "MIT",
      "dependencies": {
        "@babel/types": "7.27.3",
        "json-stable-stringify": "1.3.0",
        "lavamoat-tofu": "^8.0.8",
        "merge-deep": "3.0.3",
        "ses": "1.12.0"
      },
      "bin": {
        "lavamoat-sort-policy": "src/policy-sort-cli.js"
      },
      "engines": {
        "node": "^18.0.0 || ^20.0.0 || ^22.0.0 || ^24.0.0"
      }
    },
    "node_modules/lavamoat-core/node_modules/ses": {
      "version": "1.12.0",
      "resolved": "https://registry.npmjs.org/ses/-/ses-1.12.0.tgz",
      "integrity": "sha512-jvmwXE2lFxIIY1j76hFjewIIhYMR9Slo3ynWZGtGl5M7VUCw3EA0wetS+JCIbl2UcSQjAT0yGAHkyxPJreuC9w==",
      "dev": true,
      "license": "Apache-2.0",
      "dependencies": {
        "@endo/env-options": "^1.1.8"
      }
    },
    "node_modules/lavamoat-tofu": {
      "version": "8.0.8",
      "resolved": "https://registry.npmjs.org/lavamoat-tofu/-/lavamoat-tofu-8.0.8.tgz",
      "integrity": "sha512-TsL4Q6XkdlNzWrcCfnQPJSH5IMjtNNJ7gdHhwtsL7EvHKrVSrrgehhTm0YqCbkhtgDQdATKleTzEhjSqbeATuA==",
      "dev": true,
      "license": "MIT",
      "dependencies": {
        "@babel/parser": "7.27.3",
        "@babel/traverse": "7.27.3",
        "@babel/types": "7.27.3",
        "@types/babel__traverse": "7.20.7",
        "type-fest": "4.41.0"
      },
      "engines": {
        "node": "^18.0.0 || ^20.0.0 || ^22.0.0 || ^24.0.0"
      },
      "peerDependencies": {
        "lavamoat-core": ">15.4.0"
      }
    },
    "node_modules/lazy-cache": {
      "version": "1.0.4",
      "resolved": "https://registry.npmjs.org/lazy-cache/-/lazy-cache-1.0.4.tgz",
      "integrity": "sha512-RE2g0b5VGZsOCFOCgP7omTRYFqydmZkBwl5oNnQ1lDYC57uyO9KqNnNVxT7COSHTxrRCWVcAVOcbjk+tvh/rgQ==",
      "dev": true,
      "license": "MIT",
      "engines": {
        "node": ">=0.10.0"
      }
    },
    "node_modules/math-intrinsics": {
      "version": "1.1.0",
      "resolved": "https://registry.npmjs.org/math-intrinsics/-/math-intrinsics-1.1.0.tgz",
      "integrity": "sha512-/IXtbwEk5HTPyEwyKX6hGkYXxM9nbj64B+ilVJnC/R6B0pH5G4V3b0pVbL7DBj4tkhBAppbQUlf6F6Xl9LHu1g==",
      "dev": true,
      "license": "MIT",
      "engines": {
        "node": ">= 0.4"
      }
    },
    "node_modules/merge-deep": {
      "version": "3.0.3",
      "resolved": "https://registry.npmjs.org/merge-deep/-/merge-deep-3.0.3.tgz",
      "integrity": "sha512-qtmzAS6t6grwEkNrunqTBdn0qKwFgNWvlxUbAV8es9M7Ot1EbyApytCnvE0jALPa46ZpKDUo527kKiaWplmlFA==",
      "dev": true,
      "license": "MIT",
      "dependencies": {
        "arr-union": "^3.1.0",
        "clone-deep": "^0.2.4",
        "kind-of": "^3.0.2"
      },
      "engines": {
        "node": ">=0.10.0"
      }
    },
    "node_modules/mixin-object": {
      "version": "2.0.1",
      "resolved": "https://registry.npmjs.org/mixin-object/-/mixin-object-2.0.1.tgz",
      "integrity": "sha512-ALGF1Jt9ouehcaXaHhn6t1yGWRqGaHkPFndtFVHfZXOvkIZ/yoGaSi0AHVTafb3ZBGg4dr/bDwnaEKqCXzchMA==",
      "dev": true,
      "license": "MIT",
      "dependencies": {
        "for-in": "^0.1.3",
        "is-extendable": "^0.1.1"
      },
      "engines": {
        "node": ">=0.10.0"
      }
    },
    "node_modules/mixin-object/node_modules/for-in": {
      "version": "0.1.8",
      "resolved": "https://registry.npmjs.org/for-in/-/for-in-0.1.8.tgz",
      "integrity": "sha512-F0to7vbBSHP8E3l6dCjxNOLuSFAACIxFy3UehTUlG7svlXi37HHsDkyVcHo0Pq8QwrE+pXvWSVX3ZT1T9wAZ9g==",
      "dev": true,
      "license": "MIT",
      "engines": {
        "node": ">=0.10.0"
      }
    },
    "node_modules/ms": {
      "version": "2.1.3",
      "resolved": "https://registry.npmjs.org/ms/-/ms-2.1.3.tgz",
      "integrity": "sha512-6FlzubTLZG3J2a/NVCAleEhjzq5oxgHyaCU9yYXvcLsvoVaHJq/s5xXI6/XXP6tz7R9xAOtHnSO/tXtF3WRTlA==",
      "dev": true,
      "license": "MIT"
    },
    "node_modules/node-gyp-build": {
      "version": "4.8.4",
      "resolved": "https://registry.npmjs.org/node-gyp-build/-/node-gyp-build-4.8.4.tgz",
      "integrity": "sha512-LA4ZjwlnUblHVgq0oBF3Jl/6h/Nvs5fzBLwdEF4nuxnFdsfajde4WfxtJr3CaiH+F6ewcIB/q4jQ4UzPyid+CQ==",
      "dev": true,
      "license": "MIT",
      "bin": {
        "node-gyp-build": "bin.js",
        "node-gyp-build-optional": "optional.js",
        "node-gyp-build-test": "build-test.js"
      }
    },
    "node_modules/object-keys": {
      "version": "1.1.1",
      "resolved": "https://registry.npmjs.org/object-keys/-/object-keys-1.1.1.tgz",
      "integrity": "sha512-NuAESUOUMrlIXOfHKzD6bpPu3tYt3xvjNdRIQ+FeT0lNb4K8WR70CaDxhuNguS2XG+GjkyMwOzsN5ZktImfhLA==",
      "dev": true,
      "license": "MIT",
      "engines": {
        "node": ">= 0.4"
      }
    },
    "node_modules/override": {
      "version": "0.0.1",
      "resolved": "https://registry.npmjs.org/override/-/override-0.0.1.tgz",
      "integrity": "sha512-sZQwo5JUh+Tghk9R9SbsyNI66hjVqR5z0dfqHidx7dDMY9qfBSDnL2KdxNPZuOdlYuB2/GU1fdi2ng2KuGZdGA==",
      "bin": {
        "node-override": "bin/node-override"
      },
      "engines": {
        "node": "*"
      }
    },
    "node_modules/path-parse": {
      "version": "1.0.7",
      "resolved": "https://registry.npmjs.org/path-parse/-/path-parse-1.0.7.tgz",
      "integrity": "sha512-LDJzPVEEEPR+y48z93A0Ed0yXb8pAByGWo/k5YYdYgpY2/2EsOsksJrq7lOHxryrVOn1ejG6oAp8ahvOIQD8sw==",
      "dev": true,
      "license": "MIT"
    },
    "node_modules/picocolors": {
      "version": "1.1.1",
      "resolved": "https://registry.npmjs.org/picocolors/-/picocolors-1.1.1.tgz",
      "integrity": "sha512-xceH2snhtb5M9liqDsmEw56le376mTZkEX/jEb/RxNFyegNul7eNslCXP9FDj/Lcu0X8KEyMceP2ntpaHrDEVA==",
      "dev": true,
      "license": "ISC"
    },
    "node_modules/polyfill": {
      "version": "0.1.0",
      "resolved": "https://registry.npmjs.org/polyfill/-/polyfill-0.1.0.tgz",
      "integrity": "sha512-EL2FdBj6IBG41Fxd4IoEX3fCDKccLmtlYMS5cCUR4k/rmrc0vRSLLqbgWIy7OQi2oQfNxipQYCckiebomiohyg==",
      "dependencies": {
        "json3": "3.2.4"
      }
    },
    "node_modules/regexp-tree": {
      "version": "0.1.27",
      "resolved": "https://registry.npmjs.org/regexp-tree/-/regexp-tree-0.1.27.tgz",
      "integrity": "sha512-iETxpjK6YoRWJG5o6hXLwvjYAoW+FEZn9os0PD/b6AP6xQwsa/Y7lCVgIixBbUPMfhu+i2LtdeAqVTgGlQarfA==",
      "bin": {
        "regexp-tree": "bin/regexp-tree"
      }
    },
    "node_modules/require-directory": {
      "version": "2.1.1",
      "resolved": "https://registry.npmjs.org/require-directory/-/require-directory-2.1.1.tgz",
      "integrity": "sha512-fGxEI7+wsG9xrvdjsrlmL22OMTTiHRwAMroiEeMgq8gzoLC/PQr7RsRDSTLUg/bZAZtF+TVIkHc6/4RIKrui+Q==",
      "dev": true,
      "engines": {
        "node": ">=0.10.0"
      }
    },
    "node_modules/resolve": {
      "version": "1.22.10",
      "resolved": "https://registry.npmjs.org/resolve/-/resolve-1.22.10.tgz",
      "integrity": "sha512-NPRy+/ncIMeDlTAsuqwKIiferiawhefFJtkNSW0qZJEqMEb+qBt/77B/jGeeek+F0uOeN05CDa6HXbbIgtVX4w==",
      "dev": true,
      "license": "MIT",
      "dependencies": {
        "is-core-module": "^2.16.0",
        "path-parse": "^1.0.7",
        "supports-preserve-symlinks-flag": "^1.0.0"
      },
      "bin": {
        "resolve": "bin/resolve"
      },
      "engines": {
        "node": ">= 0.4"
      },
      "funding": {
        "url": "https://github.com/sponsors/ljharb"
      }
    },
    "node_modules/safe-regex": {
      "version": "2.1.1",
      "resolved": "https://registry.npmjs.org/safe-regex/-/safe-regex-2.1.1.tgz",
      "integrity": "sha512-rx+x8AMzKb5Q5lQ95Zoi6ZbJqwCLkqi3XuJXp5P3rT8OEc6sZCJG5AE5dU3lsgRr/F4Bs31jSlVN+j5KrsGu9A==",
      "dependencies": {
        "regexp-tree": "~0.1.1"
      }
    },
    "node_modules/ses": {
      "version": "1.14.0",
      "resolved": "https://registry.npmjs.org/ses/-/ses-1.14.0.tgz",
      "integrity": "sha512-T07hNgOfVRTLZGwSS50RnhqrG3foWP+rM+Q5Du4KUQyMLFI3A8YA4RKl0jjZzhihC1ZvDGrWi/JMn4vqbgr/Jg==",
      "dev": true,
      "license": "Apache-2.0",
      "dependencies": {
        "@endo/cache-map": "^1.1.0",
        "@endo/env-options": "^1.1.11",
        "@endo/immutable-arraybuffer": "^1.1.2"
      }
    },
    "node_modules/set-function-length": {
      "version": "1.2.2",
      "resolved": "https://registry.npmjs.org/set-function-length/-/set-function-length-1.2.2.tgz",
      "integrity": "sha512-pgRc4hJ4/sNjWCSS9AmnS40x3bNMDTknHgL5UaMBTMyJnU90EgWh1Rz+MC9eFu4BuN/UwZjKQuY/1v3rM7HMfg==",
      "dev": true,
      "license": "MIT",
      "dependencies": {
        "define-data-property": "^1.1.4",
        "es-errors": "^1.3.0",
        "function-bind": "^1.1.2",
        "get-intrinsic": "^1.2.4",
        "gopd": "^1.0.1",
        "has-property-descriptors": "^1.0.2"
      },
      "engines": {
        "node": ">= 0.4"
      }
    },
    "node_modules/shallow-clone": {
      "version": "0.1.2",
      "resolved": "https://registry.npmjs.org/shallow-clone/-/shallow-clone-0.1.2.tgz",
      "integrity": "sha512-J1zdXCky5GmNnuauESROVu31MQSnLoYvlyEn6j2Ztk6Q5EHFIhxkMhYcv6vuDzl2XEzoRr856QwzMgWM/TmZgw==",
      "dev": true,
      "license": "MIT",
      "dependencies": {
        "is-extendable": "^0.1.1",
        "kind-of": "^2.0.1",
        "lazy-cache": "^0.2.3",
        "mixin-object": "^2.0.1"
      },
      "engines": {
        "node": ">=0.10.0"
      }
    },
    "node_modules/shallow-clone/node_modules/kind-of": {
      "version": "2.0.1",
      "resolved": "https://registry.npmjs.org/kind-of/-/kind-of-2.0.1.tgz",
      "integrity": "sha512-0u8i1NZ/mg0b+W3MGGw5I7+6Eib2nx72S/QvXa0hYjEkjTknYmEYQJwGu3mLC0BrhtJjtQafTkyRUQ75Kx0LVg==",
      "dev": true,
      "license": "MIT",
      "dependencies": {
        "is-buffer": "^1.0.2"
      },
      "engines": {
        "node": ">=0.10.0"
      }
    },
    "node_modules/shallow-clone/node_modules/lazy-cache": {
      "version": "0.2.7",
      "resolved": "https://registry.npmjs.org/lazy-cache/-/lazy-cache-0.2.7.tgz",
      "integrity": "sha512-gkX52wvU/R8DVMMt78ATVPFMJqfW8FPz1GZ1sVHBVQHmu/WvhIWE4cE1GBzhJNFicDeYhnwp6Rl35BcAIM3YOQ==",
      "dev": true,
      "license": "MIT",
      "engines": {
        "node": ">=0.10.0"
      }
    },
    "node_modules/string-width": {
      "version": "4.2.3",
      "resolved": "https://registry.npmjs.org/string-width/-/string-width-4.2.3.tgz",
      "integrity": "sha512-wKyQRQpjJ0sIp62ErSZdGsjMJWsap5oRNihHhu6G7JVO/9jIB6UyevL+tXuOqrng8j/cxKTWyWUwvSTriiZz/g==",
      "dev": true,
      "dependencies": {
        "emoji-regex": "^8.0.0",
        "is-fullwidth-code-point": "^3.0.0",
        "strip-ansi": "^6.0.1"
      },
      "engines": {
        "node": ">=8"
      }
    },
    "node_modules/strip-ansi": {
      "version": "6.0.1",
      "resolved": "https://registry.npmjs.org/strip-ansi/-/strip-ansi-6.0.1.tgz",
      "integrity": "sha512-Y38VPSHcqkFrCpFnQ9vuSXmquuv5oXOKpGeT6aGrr3o3Gc9AlVa6JBfUSOCnbxGGZF+/0ooI7KrPuUSztUdU5A==",
      "dev": true,
      "dependencies": {
        "ansi-regex": "^5.0.1"
      },
      "engines": {
        "node": ">=8"
      }
    },
    "node_modules/supports-color": {
      "version": "5.5.0",
      "resolved": "https://registry.npmjs.org/supports-color/-/supports-color-5.5.0.tgz",
      "integrity": "sha512-QjVjwdXIt408MIiAqCX4oUKsgU2EqAGzs2Ppkm4aQYbjm+ZEWEcW4SfFNTr4uMNZma0ey4f5lgLrkB0aX0QMow==",
      "dev": true,
      "license": "MIT",
      "dependencies": {
        "has-flag": "^3.0.0"
      },
      "engines": {
        "node": ">=4"
      }
    },
    "node_modules/supports-preserve-symlinks-flag": {
      "version": "1.0.0",
      "resolved": "https://registry.npmjs.org/supports-preserve-symlinks-flag/-/supports-preserve-symlinks-flag-1.0.0.tgz",
      "integrity": "sha512-ot0WnXS9fgdkgIcePe6RHNk1WA8+muPa6cSjeR3V8K27q9BB1rTE3R1p7Hv0z1ZyAc8s6Vvv8DIyWf681MAt0w==",
      "dev": true,
      "license": "MIT",
      "engines": {
        "node": ">= 0.4"
      },
      "funding": {
        "url": "https://github.com/sponsors/ljharb"
      }
    },
    "node_modules/type-fest": {
      "version": "4.41.0",
      "resolved": "https://registry.npmjs.org/type-fest/-/type-fest-4.41.0.tgz",
      "integrity": "sha512-TeTSQ6H5YHvpqVwBRcnLDCBnDOHWYu7IvGbHT6N8AOymcr9PJGjc1GTtiWZTYg0NCgYwvnYWEkVChQAr9bjfwA==",
      "dev": true,
      "license": "(MIT OR CC0-1.0)",
      "engines": {
        "node": ">=16"
      },
      "funding": {
        "url": "https://github.com/sponsors/sindresorhus"
      }
    },
    "node_modules/wrap-ansi": {
      "version": "7.0.0",
      "resolved": "https://registry.npmjs.org/wrap-ansi/-/wrap-ansi-7.0.0.tgz",
      "integrity": "sha512-YVGIj2kamLSTxw6NsZjoBxfSwsn0ycdesmc4p+Q21c5zPuZ1pl+NfxVdxPtdHvmNVOQ6XSYG4AUtyt/Fi7D16Q==",
      "dev": true,
      "dependencies": {
        "ansi-styles": "^4.0.0",
        "string-width": "^4.1.0",
        "strip-ansi": "^6.0.0"
      },
      "engines": {
        "node": ">=10"
      },
      "funding": {
        "url": "https://github.com/chalk/wrap-ansi?sponsor=1"
      }
    },
    "node_modules/wrap-ansi/node_modules/ansi-styles": {
      "version": "4.3.0",
      "resolved": "https://registry.npmjs.org/ansi-styles/-/ansi-styles-4.3.0.tgz",
      "integrity": "sha512-zbB9rCJAT1rbjiVDb2hqKFHNYLxgtk8NURxZ3IZwD3F6NtxbXZQCnnSi1Lkx+IDohdPlFp222wVALIheZJQSEg==",
      "dev": true,
      "dependencies": {
        "color-convert": "^2.0.1"
      },
      "engines": {
        "node": ">=8"
      },
      "funding": {
        "url": "https://github.com/chalk/ansi-styles?sponsor=1"
      }
    },
    "node_modules/wrap-ansi/node_modules/color-convert": {
      "version": "2.0.1",
      "resolved": "https://registry.npmjs.org/color-convert/-/color-convert-2.0.1.tgz",
      "integrity": "sha512-RRECPsj7iu/xb5oKYcsFHSppFNnsj/52OVTRKb4zP5onXwVF3zVmmToNcOfGC+CRDpfK/U584fMg38ZHCaElKQ==",
      "dev": true,
      "dependencies": {
        "color-name": "~1.1.4"
      },
      "engines": {
        "node": ">=7.0.0"
      }
    },
    "node_modules/wrap-ansi/node_modules/color-name": {
      "version": "1.1.4",
      "resolved": "https://registry.npmjs.org/color-name/-/color-name-1.1.4.tgz",
      "integrity": "sha512-dOy+3AuW3a2wNbZHIuMZpTcgjGuLU/uBL/ubcZF9OXbDo8ff4O8yVp5Bf0efS8uEoYo5q4Fx7dY9OgQGXgAsQA==",
      "dev": true
    },
    "node_modules/y18n": {
      "version": "5.0.8",
      "resolved": "https://registry.npmjs.org/y18n/-/y18n-5.0.8.tgz",
      "integrity": "sha512-0pfFzegeDWJHJIAmTLRP2DwHjdF5s7jo9tuztdQxAhINCdvS+3nGINqPd00AphqJR/0LhANUS6/+7SCb98YOfA==",
      "dev": true,
      "engines": {
        "node": ">=10"
      }
    },
    "node_modules/yargs": {
      "version": "17.7.2",
      "resolved": "https://registry.npmjs.org/yargs/-/yargs-17.7.2.tgz",
      "integrity": "sha512-7dSzzRQ++CKnNI/krKnYRV7JKKPUXMEh61soaHKg9mrWEhzFWhFnxPxGl+69cD1Ou63C13NUPCnmIcrvqCuM6w==",
      "dev": true,
      "dependencies": {
        "cliui": "^8.0.1",
        "escalade": "^3.1.1",
        "get-caller-file": "^2.0.5",
        "require-directory": "^2.1.1",
        "string-width": "^4.2.3",
        "y18n": "^5.0.5",
        "yargs-parser": "^21.1.1"
      },
      "engines": {
        "node": ">=12"
      }
    },
    "node_modules/yargs-parser": {
      "version": "21.1.1",
      "resolved": "https://registry.npmjs.org/yargs-parser/-/yargs-parser-21.1.1.tgz",
      "integrity": "sha512-tVpsJW7DdjecAiFpbIB1e3qxIQsE6NoPc5/eTdrbbIC4h0LVsWhnoa3g+m2HclBIujHzsxZ4VJVA+GUuc2/LBw==",
      "dev": true,
      "engines": {
        "node": ">=12"
      }
    }
  }
}
