{
  "name": "@lavamoat/harden",
  "version": "0.8.0",
  "lockfileVersion": 3,
  "requires": true,
  "packages": {
    "": {
      "name": "@lavamoat/harden",
      "version": "0.8.0",
      "license": "MIT",
      "dependencies": {
        "semver": "^7.7.2",
        "yaml": "^2.7.1"
      },
      "bin": {
        "harden": "src/cli.js"
      },
      "devDependencies": {},
      "engines": {
        "node": "^22.5.1 || ^24.0.0"
      }
    },
    "node_modules/semver": {
      "version": "7.8.4",
      "resolved": "https://registry.npmjs.org/semver/-/semver-7.8.4.tgz",
      "integrity": "sha512-rUCObTnP32Q08R2uuIrt7r9PlEonuTmtuXYcW6s5kjdlj3xbnwe+21yXptAUYcMAABLkYYTtnmzb3w3EDZfueA==",
      "license": "ISC",
      "bin": {
        "semver": "bin/semver.js"
      },
      "engines": {
        "node": ">=10"
      }
    }
  }
}
