{
  "name": "@lavamoat/harden",
  "version": "0.6.0",
  "lockfileVersion": 3,
  "requires": true,
  "packages": {
    "": {
      "name": "@lavamoat/harden",
      "version": "0.6.0",
      "license": "MIT",
      "dependencies": {
        "semver": "^7.7.2",
        "yaml": "^2.7.1"
      },
      "bin": {
        "harden": "src/cli.js"
      },
      "devDependencies": {},
      "engines": {
        "node": "^22.5.1 || ^24.0.0"
      }
    }
  }
}
