{
  "name": "test-3",
  "lockfileVersion": 3,
  "requires": true,
  "packages": {
    "": {
      "name": "test-3",
      "dependencies": {
        "a": "file:./fake_node_modules/a",
        "b": "file:./fake_node_modules/b"
      }
    },
    "fake_node_modules/a": {
      "version": "1.0.0"
    },
    "fake_node_modules/b": {
      "version": "1.0.0"
    },
    "node_modules/a": {
      "resolved": "fake_node_modules/a",
      "link": true
    },
    "node_modules/b": {
      "resolved": "fake_node_modules/b",
      "link": true
    }
  }
}
