{
  "name": "test-4",
  "lockfileVersion": 3,
  "requires": true,
  "packages": {
    "": {
      "name": "test-4",
      "dependencies": {
        "a": "file:./fake_node_modules/a",
        "b": "file:./fake_node_modules/b",
        "events": "^3.2.0"
      }
    },
    "fake_node_modules/a": {
      "version": "1.0.0"
    },
    "fake_node_modules/b": {
      "version": "1.0.0"
    },
    "node_modules/a": {
      "resolved": "fake_node_modules/a",
      "link": true
    },
    "node_modules/b": {
      "resolved": "fake_node_modules/b",
      "link": true
    },
    "node_modules/events": {
      "version": "3.2.0",
      "resolved": "https://registry.yarnpkg.com/events/-/events-3.2.0.tgz",
      "integrity": "sha1-k7h8GPjvzUICpGGuxN/AVWtjk3k= sha512-/46HWwbfCX2xTawVfkKLGxMifJYQBWMwY1mjywRtb4c9x8l5NP3KoJtnIOiL1hfdRkIuYhETxQlo62IF8tcnlg==",
      "engines": {
        "node": ">=0.8.x"
      }
    }
  }
}
