{
  "name": "test-4",
  "lockfileVersion": 2,
  "requires": true,
  "packages": {
    "": {
      "name": "test-4",
      "dependencies": {
        "a": "file:./fake_node_modules/a",
        "b": "file:./fake_node_modules/b",
        "events": "^3.2.0"
      }
    },
    "fake_node_modules/a": {
      "version": "1.0.0"
    },
    "fake_node_modules/b": {
      "version": "1.0.0"
    },
    "node_modules/a": {
      "resolved": "fake_node_modules/a",
      "link": true
    },
    "node_modules/b": {
      "resolved": "fake_node_modules/b",
      "link": true
    },
    "node_modules/events": {
      "version": "3.2.0",
      "resolved": "https://registry.npmjs.org/events/-/events-3.2.0.tgz",
      "integrity": "sha512-/46HWwbfCX2xTawVfkKLGxMifJYQBWMwY1mjywRtb4c9x8l5NP3KoJtnIOiL1hfdRkIuYhETxQlo62IF8tcnlg==",
      "license": "MIT",
      "engines": {
        "node": ">=0.8.x"
      }
    }
  },
  "dependencies": {
    "a": {
      "version": "file:fake_node_modules/a"
    },
    "b": {
      "version": "file:fake_node_modules/b"
    },
    "events": {
      "version": "3.2.0",
      "resolved": "https://registry.npmjs.org/events/-/events-3.2.0.tgz",
      "integrity": "sha512-/46HWwbfCX2xTawVfkKLGxMifJYQBWMwY1mjywRtb4c9x8l5NP3KoJtnIOiL1hfdRkIuYhETxQlo62IF8tcnlg=="
    }
  }
}
