# This file is generated by running "yarn install" inside your project.
# Manual changes might be lost - proceed with caution!

__metadata:
  version: 8
  cacheKey: 10c0

"@isaacs/cliui@npm:^8.0.2":
  version: 8.0.2
  resolution: "@isaacs/cliui@npm:8.0.2"
  dependencies:
    string-width: "npm:^5.1.2"
    string-width-cjs: "npm:string-width@^4.2.0"
    strip-ansi: "npm:^7.0.1"
    strip-ansi-cjs: "npm:strip-ansi@^6.0.1"
    wrap-ansi: "npm:^8.1.0"
    wrap-ansi-cjs: "npm:wrap-ansi@^7.0.0"
  checksum: 10c0/b1bf42535d49f11dc137f18d5e4e63a28c5569de438a221c369483731e9dac9fb797af554e8bf02b6192d1e5eba6e6402cf93900c3d0ac86391d00d04876789e
  languageName: node
  linkType: hard

"@lavamoat/aa@npm:^4.3.0":
  version: 4.3.0
  resolution: "@lavamoat/aa@npm:4.3.0"
  dependencies:
    resolve: "npm:1.22.8"
  bin:
    lavamoat-ls: src/cli.js
  checksum: 10c0/772893d4a944bd24aa5c404a55db3755be5e2cbee1a95550f380d950b78add89a6e58c04b14a8db4049b6832ebb2dd9f1e8703fa7d3532043212f30b368236f6
  languageName: node
  linkType: hard

"@lavamoat/allow-scripts@npm:^3.1.0":
  version: 3.1.0
  resolution: "@lavamoat/allow-scripts@npm:3.1.0"
  dependencies:
    "@lavamoat/aa": "npm:^4.3.0"
    "@npmcli/run-script": "npm:7.0.4"
    bin-links: "npm:4.0.4"
    npm-normalize-package-bin: "npm:3.0.1"
    yargs: "npm:17.7.2"
  bin:
    allow-scripts: src/cli.js
  checksum: 10c0/21bb6853dd3e5ad4ae3d0e1ebe76d829e9bfcdfb9edc683d155b914571c657b13cfd70fce1a47ffc49b86755c895eae7ba883cbdedce60fe8d1b644574947dbe
  languageName: node
  linkType: hard

"@lavamoat/preinstall-always-fail@npm:^2.0.0":
  version: 2.0.0
  resolution: "@lavamoat/preinstall-always-fail@npm:2.0.0"
  checksum: 10c0/edd25b0b879bf50416b87eb40ef6e3918abb0e1a71bed5218e18d553deebccdddefb83dbf14eb071d55457e3ff1dd2e6d58f96e033eed2f205964ab8a29c5763
  languageName: node
  linkType: hard

"@npmcli/agent@npm:^2.0.0":
  version: 2.2.2
  resolution: "@npmcli/agent@npm:2.2.2"
  dependencies:
    agent-base: "npm:^7.1.0"
    http-proxy-agent: "npm:^7.0.0"
    https-proxy-agent: "npm:^7.0.1"
    lru-cache: "npm:^10.0.1"
    socks-proxy-agent: "npm:^8.0.3"
  checksum: 10c0/325e0db7b287d4154ecd164c0815c08007abfb07653cc57bceded17bb7fd240998a3cbdbe87d700e30bef494885eccc725ab73b668020811d56623d145b524ae
  languageName: node
  linkType: hard

"@npmcli/fs@npm:^3.1.0":
  version: 3.1.1
  resolution: "@npmcli/fs@npm:3.1.1"
  dependencies:
    semver: "npm:^7.3.5"
  checksum: 10c0/c37a5b4842bfdece3d14dfdb054f73fe15ed2d3da61b34ff76629fb5b1731647c49166fd2a8bf8b56fcfa51200382385ea8909a3cbecdad612310c114d3f6c99
  languageName: node
  linkType: hard

"@npmcli/git@npm:^5.0.0":
  version: 5.0.7
  resolution: "@npmcli/git@npm:5.0.7"
  dependencies:
    "@npmcli/promise-spawn": "npm:^7.0.0"
    lru-cache: "npm:^10.0.1"
    npm-pick-manifest: "npm:^9.0.0"
    proc-log: "npm:^4.0.0"
    promise-inflight: "npm:^1.0.1"
    promise-retry: "npm:^2.0.1"
    semver: "npm:^7.3.5"
    which: "npm:^4.0.0"
  checksum: 10c0/d9895fce3e554e927411ead941d434233585a3edaf8d2ebe3e8d48fdd14e2ce238d227248df30e3300b1c050e982459f4d0b18375bd3c17c4edeb0621da33ade
  languageName: node
  linkType: hard

"@npmcli/node-gyp@npm:^3.0.0":
  version: 3.0.0
  resolution: "@npmcli/node-gyp@npm:3.0.0"
  checksum: 10c0/5d0ac17dacf2dd6e45312af2c1ae2749bb0730fcc82da101c37d3a4fd963a5e1c5d39781e5e1e5e5828df4ab1ad4e3fdbab1d69b7cd0abebad9983efb87df985
  languageName: node
  linkType: hard

"@npmcli/package-json@npm:^5.0.0":
  version: 5.2.0
  resolution: "@npmcli/package-json@npm:5.2.0"
  dependencies:
    "@npmcli/git": "npm:^5.0.0"
    glob: "npm:^10.2.2"
    hosted-git-info: "npm:^7.0.0"
    json-parse-even-better-errors: "npm:^3.0.0"
    normalize-package-data: "npm:^6.0.0"
    proc-log: "npm:^4.0.0"
    semver: "npm:^7.5.3"
  checksum: 10c0/bdce8c7eed0dee1d272bf8ba500c4bce6d8ed2b4dd2ce43075d3ba02ffd3bb70c46dbcf8b3a35e19d9492d039b720dc3a4b30d1a2ddc30b7918e1d5232faa1f7
  languageName: node
  linkType: hard

"@npmcli/promise-spawn@npm:^7.0.0":
  version: 7.0.2
  resolution: "@npmcli/promise-spawn@npm:7.0.2"
  dependencies:
    which: "npm:^4.0.0"
  checksum: 10c0/8f2af5bc2c1b1ccfb9bcd91da8873ab4723616d8bd5af877c0daa40b1e2cbfa4afb79e052611284179cae918c945a1b99ae1c565d78a355bec1a461011e89f71
  languageName: node
  linkType: hard

"@npmcli/run-script@npm:7.0.4":
  version: 7.0.4
  resolution: "@npmcli/run-script@npm:7.0.4"
  dependencies:
    "@npmcli/node-gyp": "npm:^3.0.0"
    "@npmcli/package-json": "npm:^5.0.0"
    "@npmcli/promise-spawn": "npm:^7.0.0"
    node-gyp: "npm:^10.0.0"
    which: "npm:^4.0.0"
  checksum: 10c0/45159ef7d6b8d9e449e87ed401da69da60514f6e7752e268f29a96f17a543c4a8d4eea6fe2f74b07fd41095e48e0f9859ebec558065d2b01849b382b06fefe35
  languageName: node
  linkType: hard

"@pkgjs/parseargs@npm:^0.11.0":
  version: 0.11.0
  resolution: "@pkgjs/parseargs@npm:0.11.0"
  checksum: 10c0/5bd7576bb1b38a47a7fc7b51ac9f38748e772beebc56200450c4a817d712232b8f1d3ef70532c80840243c657d491cf6a6be1e3a214cff907645819fdc34aadd
  languageName: node
  linkType: hard

"abbrev@npm:^2.0.0":
  version: 2.0.0
  resolution: "abbrev@npm:2.0.0"
  checksum: 10c0/f742a5a107473946f426c691c08daba61a1d15942616f300b5d32fd735be88fef5cba24201757b6c407fd564555fb48c751cfa33519b2605c8a7aadd22baf372
  languageName: node
  linkType: hard

"agent-base@npm:^7.0.2, agent-base@npm:^7.1.0, agent-base@npm:^7.1.1":
  version: 7.1.1
  resolution: "agent-base@npm:7.1.1"
  dependencies:
    debug: "npm:^4.3.4"
  checksum: 10c0/e59ce7bed9c63bf071a30cc471f2933862044c97fd9958967bfe22521d7a0f601ce4ed5a8c011799d0c726ca70312142ae193bbebb60f576b52be19d4a363b50
  languageName: node
  linkType: hard

"aggregate-error@npm:^3.0.0":
  version: 3.1.0
  resolution: "aggregate-error@npm:3.1.0"
  dependencies:
    clean-stack: "npm:^2.0.0"
    indent-string: "npm:^4.0.0"
  checksum: 10c0/a42f67faa79e3e6687a4923050e7c9807db3848a037076f791d10e092677d65c1d2d863b7848560699f40fc0502c19f40963fb1cd1fb3d338a7423df8e45e039
  languageName: node
  linkType: hard

"ansi-regex@npm:^5.0.1":
  version: 5.0.1
  resolution: "ansi-regex@npm:5.0.1"
  checksum: 10c0/9a64bb8627b434ba9327b60c027742e5d17ac69277960d041898596271d992d4d52ba7267a63ca10232e29f6107fc8a835f6ce8d719b88c5f8493f8254813737
  languageName: node
  linkType: hard

"ansi-regex@npm:^6.0.1":
  version: 6.0.1
  resolution: "ansi-regex@npm:6.0.1"
  checksum: 10c0/cbe16dbd2c6b2735d1df7976a7070dd277326434f0212f43abf6d87674095d247968209babdaad31bb00882fa68807256ba9be340eec2f1004de14ca75f52a08
  languageName: node
  linkType: hard

"ansi-styles@npm:^4.0.0":
  version: 4.3.0
  resolution: "ansi-styles@npm:4.3.0"
  dependencies:
    color-convert: "npm:^2.0.1"
  checksum: 10c0/895a23929da416f2bd3de7e9cb4eabd340949328ab85ddd6e484a637d8f6820d485f53933446f5291c3b760cbc488beb8e88573dd0f9c7daf83dccc8fe81b041
  languageName: node
  linkType: hard

"ansi-styles@npm:^6.1.0":
  version: 6.2.1
  resolution: "ansi-styles@npm:6.2.1"
  checksum: 10c0/5d1ec38c123984bcedd996eac680d548f31828bd679a66db2bdf11844634dde55fec3efa9c6bb1d89056a5e79c1ac540c4c784d592ea1d25028a92227d2f2d5c
  languageName: node
  linkType: hard

"balanced-match@npm:^1.0.0":
  version: 1.0.2
  resolution: "balanced-match@npm:1.0.2"
  checksum: 10c0/9308baf0a7e4838a82bbfd11e01b1cb0f0cf2893bc1676c27c2a8c0e70cbae1c59120c3268517a8ae7fb6376b4639ef81ca22582611dbee4ed28df945134aaee
  languageName: node
  linkType: hard

"bin-links@npm:4.0.4":
  version: 4.0.4
  resolution: "bin-links@npm:4.0.4"
  dependencies:
    cmd-shim: "npm:^6.0.0"
    npm-normalize-package-bin: "npm:^3.0.0"
    read-cmd-shim: "npm:^4.0.0"
    write-file-atomic: "npm:^5.0.0"
  checksum: 10c0/feb664e786429289d189c19c193b28d855c2898bc53b8391306cbad2273b59ccecb91fd31a433020019552c3bad3a1e0eeecca1c12e739a12ce2ca94f7553a17
  languageName: node
  linkType: hard

"brace-expansion@npm:^2.0.1":
  version: 2.0.1
  resolution: "brace-expansion@npm:2.0.1"
  dependencies:
    balanced-match: "npm:^1.0.0"
  checksum: 10c0/b358f2fe060e2d7a87aa015979ecea07f3c37d4018f8d6deb5bd4c229ad3a0384fe6029bb76cd8be63c81e516ee52d1a0673edbe2023d53a5191732ae3c3e49f
  languageName: node
  linkType: hard

"cacache@npm:^18.0.0":
  version: 18.0.3
  resolution: "cacache@npm:18.0.3"
  dependencies:
    "@npmcli/fs": "npm:^3.1.0"
    fs-minipass: "npm:^3.0.0"
    glob: "npm:^10.2.2"
    lru-cache: "npm:^10.0.1"
    minipass: "npm:^7.0.3"
    minipass-collect: "npm:^2.0.1"
    minipass-flush: "npm:^1.0.5"
    minipass-pipeline: "npm:^1.2.4"
    p-map: "npm:^4.0.0"
    ssri: "npm:^10.0.0"
    tar: "npm:^6.1.11"
    unique-filename: "npm:^3.0.0"
  checksum: 10c0/dfda92840bb371fb66b88c087c61a74544363b37a265023223a99965b16a16bbb87661fe4948718d79df6e0cc04e85e62784fbcf1832b2a5e54ff4c46fbb45b7
  languageName: node
  linkType: hard

"chownr@npm:^2.0.0":
  version: 2.0.0
  resolution: "chownr@npm:2.0.0"
  checksum: 10c0/594754e1303672171cc04e50f6c398ae16128eb134a88f801bf5354fd96f205320f23536a045d9abd8b51024a149696e51231565891d4efdab8846021ecf88e6
  languageName: node
  linkType: hard

"clean-stack@npm:^2.0.0":
  version: 2.2.0
  resolution: "clean-stack@npm:2.2.0"
  checksum: 10c0/1f90262d5f6230a17e27d0c190b09d47ebe7efdd76a03b5a1127863f7b3c9aec4c3e6c8bb3a7bbf81d553d56a1fd35728f5a8ef4c63f867ac8d690109742a8c1
  languageName: node
  linkType: hard

"cliui@npm:^8.0.1":
  version: 8.0.1
  resolution: "cliui@npm:8.0.1"
  dependencies:
    string-width: "npm:^4.2.0"
    strip-ansi: "npm:^6.0.1"
    wrap-ansi: "npm:^7.0.0"
  checksum: 10c0/4bda0f09c340cbb6dfdc1ed508b3ca080f12992c18d68c6be4d9cf51756033d5266e61ec57529e610dacbf4da1c634423b0c1b11037709cc6b09045cbd815df5
  languageName: node
  linkType: hard

"cmd-shim@npm:^6.0.0":
  version: 6.0.3
  resolution: "cmd-shim@npm:6.0.3"
  checksum: 10c0/dc09fe0bf39e86250529456d9a87dd6d5208d053e449101a600e96dc956c100e0bc312cdb413a91266201f3bd8057d4abf63875cafb99039553a1937d8f3da36
  languageName: node
  linkType: hard

"color-convert@npm:^2.0.1":
  version: 2.0.1
  resolution: "color-convert@npm:2.0.1"
  dependencies:
    color-name: "npm:~1.1.4"
  checksum: 10c0/37e1150172f2e311fe1b2df62c6293a342ee7380da7b9cfdba67ea539909afbd74da27033208d01d6d5cfc65ee7868a22e18d7e7648e004425441c0f8a15a7d7
  languageName: node
  linkType: hard

"color-name@npm:~1.1.4":
  version: 1.1.4
  resolution: "color-name@npm:1.1.4"
  checksum: 10c0/a1a3f914156960902f46f7f56bc62effc6c94e84b2cae157a526b1c1f74b677a47ec602bf68a61abfa2b42d15b7c5651c6dbe72a43af720bc588dff885b10f95
  languageName: node
  linkType: hard

"cross-spawn@npm:^7.0.0":
  version: 7.0.3
  resolution: "cross-spawn@npm:7.0.3"
  dependencies:
    path-key: "npm:^3.1.0"
    shebang-command: "npm:^2.0.0"
    which: "npm:^2.0.1"
  checksum: 10c0/5738c312387081c98d69c98e105b6327b069197f864a60593245d64c8089c8a0a744e16349281210d56835bb9274130d825a78b2ad6853ca13cfbeffc0c31750
  languageName: node
  linkType: hard

"debug@npm:4, debug@npm:^4.3.4":
  version: 4.3.5
  resolution: "debug@npm:4.3.5"
  dependencies:
    ms: "npm:2.1.2"
  peerDependenciesMeta:
    supports-color:
      optional: true
  checksum: 10c0/082c375a2bdc4f4469c99f325ff458adad62a3fc2c482d59923c260cb08152f34e2659f72b3767db8bb2f21ca81a60a42d1019605a412132d7b9f59363a005cc
  languageName: node
  linkType: hard

"eastasianwidth@npm:^0.2.0":
  version: 0.2.0
  resolution: "eastasianwidth@npm:0.2.0"
  checksum: 10c0/26f364ebcdb6395f95124fda411f63137a4bfb5d3a06453f7f23dfe52502905bd84e0488172e0f9ec295fdc45f05c23d5d91baf16bd26f0fe9acd777a188dc39
  languageName: node
  linkType: hard

"emoji-regex@npm:^8.0.0":
  version: 8.0.0
  resolution: "emoji-regex@npm:8.0.0"
  checksum: 10c0/b6053ad39951c4cf338f9092d7bfba448cdfd46fe6a2a034700b149ac9ffbc137e361cbd3c442297f86bed2e5f7576c1b54cc0a6bf8ef5106cc62f496af35010
  languageName: node
  linkType: hard

"emoji-regex@npm:^9.2.2":
  version: 9.2.2
  resolution: "emoji-regex@npm:9.2.2"
  checksum: 10c0/af014e759a72064cf66e6e694a7fc6b0ed3d8db680427b021a89727689671cefe9d04151b2cad51dbaf85d5ba790d061cd167f1cf32eb7b281f6368b3c181639
  languageName: node
  linkType: hard

"encoding@npm:^0.1.13":
  version: 0.1.13
  resolution: "encoding@npm:0.1.13"
  dependencies:
    iconv-lite: "npm:^0.6.2"
  checksum: 10c0/36d938712ff00fe1f4bac88b43bcffb5930c1efa57bbcdca9d67e1d9d6c57cfb1200fb01efe0f3109b2ce99b231f90779532814a81370a1bd3274a0f58585039
  languageName: node
  linkType: hard

"env-paths@npm:^2.2.0":
  version: 2.2.1
  resolution: "env-paths@npm:2.2.1"
  checksum: 10c0/285325677bf00e30845e330eec32894f5105529db97496ee3f598478e50f008c5352a41a30e5e72ec9de8a542b5a570b85699cd63bd2bc646dbcb9f311d83bc4
  languageName: node
  linkType: hard

"err-code@npm:^2.0.2":
  version: 2.0.3
  resolution: "err-code@npm:2.0.3"
  checksum: 10c0/b642f7b4dd4a376e954947550a3065a9ece6733ab8e51ad80db727aaae0817c2e99b02a97a3d6cecc648a97848305e728289cf312d09af395403a90c9d4d8a66
  languageName: node
  linkType: hard

"escalade@npm:^3.1.1":
  version: 3.1.2
  resolution: "escalade@npm:3.1.2"
  checksum: 10c0/6b4adafecd0682f3aa1cd1106b8fff30e492c7015b178bc81b2d2f75106dabea6c6d6e8508fc491bd58e597c74abb0e8e2368f943ecb9393d4162e3c2f3cf287
  languageName: node
  linkType: hard

"exponential-backoff@npm:^3.1.1":
  version: 3.1.1
  resolution: "exponential-backoff@npm:3.1.1"
  checksum: 10c0/160456d2d647e6019640bd07111634d8c353038d9fa40176afb7cd49b0548bdae83b56d05e907c2cce2300b81cae35d800ef92fefb9d0208e190fa3b7d6bb579
  languageName: node
  linkType: hard

"foreground-child@npm:^3.1.0":
  version: 3.2.1
  resolution: "foreground-child@npm:3.2.1"
  dependencies:
    cross-spawn: "npm:^7.0.0"
    signal-exit: "npm:^4.0.1"
  checksum: 10c0/9a53a33dbd87090e9576bef65fb4a71de60f6863a8062a7b11bc1cbe3cc86d428677d7c0b9ef61cdac11007ac580006f78bd5638618d564cfd5e6fd713d6878f
  languageName: node
  linkType: hard

"fs-minipass@npm:^2.0.0":
  version: 2.1.0
  resolution: "fs-minipass@npm:2.1.0"
  dependencies:
    minipass: "npm:^3.0.0"
  checksum: 10c0/703d16522b8282d7299337539c3ed6edddd1afe82435e4f5b76e34a79cd74e488a8a0e26a636afc2440e1a23b03878e2122e3a2cfe375a5cf63c37d92b86a004
  languageName: node
  linkType: hard

"fs-minipass@npm:^3.0.0":
  version: 3.0.3
  resolution: "fs-minipass@npm:3.0.3"
  dependencies:
    minipass: "npm:^7.0.3"
  checksum: 10c0/63e80da2ff9b621e2cb1596abcb9207f1cf82b968b116ccd7b959e3323144cce7fb141462200971c38bbf2ecca51695069db45265705bed09a7cd93ae5b89f94
  languageName: node
  linkType: hard

"function-bind@npm:^1.1.2":
  version: 1.1.2
  resolution: "function-bind@npm:1.1.2"
  checksum: 10c0/d8680ee1e5fcd4c197e4ac33b2b4dce03c71f4d91717292785703db200f5c21f977c568d28061226f9b5900cbcd2c84463646134fd5337e7925e0942bc3f46d5
  languageName: node
  linkType: hard

"get-caller-file@npm:^2.0.5":
  version: 2.0.5
  resolution: "get-caller-file@npm:2.0.5"
  checksum: 10c0/c6c7b60271931fa752aeb92f2b47e355eac1af3a2673f47c9589e8f8a41adc74d45551c1bc57b5e66a80609f10ffb72b6f575e4370d61cc3f7f3aaff01757cde
  languageName: node
  linkType: hard

"glob@npm:^10.2.2, glob@npm:^10.3.10":
  version: 10.4.3
  resolution: "glob@npm:10.4.3"
  dependencies:
    foreground-child: "npm:^3.1.0"
    jackspeak: "npm:^3.1.2"
    minimatch: "npm:^9.0.4"
    minipass: "npm:^7.1.2"
    package-json-from-dist: "npm:^1.0.0"
    path-scurry: "npm:^1.11.1"
  bin:
    glob: dist/esm/bin.mjs
  checksum: 10c0/bea148e5dae96c17e2764f4764c72376a6ab7072b27a21e861ae4af6f97f3e810d79d67f64de52f63ce1d7fdb73b7306f61c65b48d0f61ca7c8647ce8acaf9a7
  languageName: node
  linkType: hard

"graceful-fs@npm:^4.2.6":
  version: 4.2.11
  resolution: "graceful-fs@npm:4.2.11"
  checksum: 10c0/386d011a553e02bc594ac2ca0bd6d9e4c22d7fa8cfbfc448a6d148c59ea881b092db9dbe3547ae4b88e55f1b01f7c4a2ecc53b310c042793e63aa44cf6c257f2
  languageName: node
  linkType: hard

"hasown@npm:^2.0.2":
  version: 2.0.2
  resolution: "hasown@npm:2.0.2"
  dependencies:
    function-bind: "npm:^1.1.2"
  checksum: 10c0/3769d434703b8ac66b209a4cca0737519925bbdb61dd887f93a16372b14694c63ff4e797686d87c90f08168e81082248b9b028bad60d4da9e0d1148766f56eb9
  languageName: node
  linkType: hard

"hosted-git-info@npm:^7.0.0":
  version: 7.0.2
  resolution: "hosted-git-info@npm:7.0.2"
  dependencies:
    lru-cache: "npm:^10.0.1"
  checksum: 10c0/b19dbd92d3c0b4b0f1513cf79b0fc189f54d6af2129eeb201de2e9baaa711f1936929c848b866d9c8667a0f956f34bf4f07418c12be1ee9ca74fd9246335ca1f
  languageName: node
  linkType: hard

"http-cache-semantics@npm:^4.1.1":
  version: 4.1.1
  resolution: "http-cache-semantics@npm:4.1.1"
  checksum: 10c0/ce1319b8a382eb3cbb4a37c19f6bfe14e5bb5be3d09079e885e8c513ab2d3cd9214902f8a31c9dc4e37022633ceabfc2d697405deeaf1b8f3552bb4ed996fdfc
  languageName: node
  linkType: hard

"http-proxy-agent@npm:^7.0.0":
  version: 7.0.2
  resolution: "http-proxy-agent@npm:7.0.2"
  dependencies:
    agent-base: "npm:^7.1.0"
    debug: "npm:^4.3.4"
  checksum: 10c0/4207b06a4580fb85dd6dff521f0abf6db517489e70863dca1a0291daa7f2d3d2d6015a57bd702af068ea5cf9f1f6ff72314f5f5b4228d299c0904135d2aef921
  languageName: node
  linkType: hard

"https-proxy-agent@npm:^7.0.1":
  version: 7.0.5
  resolution: "https-proxy-agent@npm:7.0.5"
  dependencies:
    agent-base: "npm:^7.0.2"
    debug: "npm:4"
  checksum: 10c0/2490e3acec397abeb88807db52cac59102d5ed758feee6df6112ab3ccd8325e8a1ce8bce6f4b66e5470eca102d31e425ace904242e4fa28dbe0c59c4bafa7b2c
  languageName: node
  linkType: hard

"iconv-lite@npm:^0.6.2":
  version: 0.6.3
  resolution: "iconv-lite@npm:0.6.3"
  dependencies:
    safer-buffer: "npm:>= 2.1.2 < 3.0.0"
  checksum: 10c0/98102bc66b33fcf5ac044099d1257ba0b7ad5e3ccd3221f34dd508ab4070edff183276221684e1e0555b145fce0850c9f7d2b60a9fcac50fbb4ea0d6e845a3b1
  languageName: node
  linkType: hard

"imurmurhash@npm:^0.1.4":
  version: 0.1.4
  resolution: "imurmurhash@npm:0.1.4"
  checksum: 10c0/8b51313850dd33605c6c9d3fd9638b714f4c4c40250cff658209f30d40da60f78992fb2df5dabee4acf589a6a82bbc79ad5486550754bd9ec4e3fc0d4a57d6a6
  languageName: node
  linkType: hard

"indent-string@npm:^4.0.0":
  version: 4.0.0
  resolution: "indent-string@npm:4.0.0"
  checksum: 10c0/1e1904ddb0cb3d6cce7cd09e27a90184908b7a5d5c21b92e232c93579d314f0b83c246ffb035493d0504b1e9147ba2c9b21df0030f48673fba0496ecd698161f
  languageName: node
  linkType: hard

"ip-address@npm:^9.0.5":
  version: 9.0.5
  resolution: "ip-address@npm:9.0.5"
  dependencies:
    jsbn: "npm:1.1.0"
    sprintf-js: "npm:^1.1.3"
  checksum: 10c0/331cd07fafcb3b24100613e4b53e1a2b4feab11e671e655d46dc09ee233da5011284d09ca40c4ecbdfe1d0004f462958675c224a804259f2f78d2465a87824bc
  languageName: node
  linkType: hard

"is-core-module@npm:^2.13.0":
  version: 2.14.0
  resolution: "is-core-module@npm:2.14.0"
  dependencies:
    hasown: "npm:^2.0.2"
  checksum: 10c0/ae8dbc82bd20426558bc8d20ce290ce301c1cfd6ae4446266d10cacff4c63c67ab16440ade1d72ced9ec41c569fbacbcee01e293782ce568527c4cdf35936e4c
  languageName: node
  linkType: hard

"is-fullwidth-code-point@npm:^3.0.0":
  version: 3.0.0
  resolution: "is-fullwidth-code-point@npm:3.0.0"
  checksum: 10c0/bb11d825e049f38e04c06373a8d72782eee0205bda9d908cc550ccb3c59b99d750ff9537982e01733c1c94a58e35400661f57042158ff5e8f3e90cf936daf0fc
  languageName: node
  linkType: hard

"is-lambda@npm:^1.0.1":
  version: 1.0.1
  resolution: "is-lambda@npm:1.0.1"
  checksum: 10c0/85fee098ae62ba6f1e24cf22678805473c7afd0fb3978a3aa260e354cb7bcb3a5806cf0a98403188465efedec41ab4348e8e4e79305d409601323855b3839d4d
  languageName: node
  linkType: hard

"isexe@npm:^2.0.0":
  version: 2.0.0
  resolution: "isexe@npm:2.0.0"
  checksum: 10c0/228cfa503fadc2c31596ab06ed6aa82c9976eec2bfd83397e7eaf06d0ccf42cd1dfd6743bf9aeb01aebd4156d009994c5f76ea898d2832c1fe342da923ca457d
  languageName: node
  linkType: hard

"isexe@npm:^3.1.1":
  version: 3.1.1
  resolution: "isexe@npm:3.1.1"
  checksum: 10c0/9ec257654093443eb0a528a9c8cbba9c0ca7616ccb40abd6dde7202734d96bb86e4ac0d764f0f8cd965856aacbff2f4ce23e730dc19dfb41e3b0d865ca6fdcc7
  languageName: node
  linkType: hard

"jackspeak@npm:^3.1.2":
  version: 3.4.1
  resolution: "jackspeak@npm:3.4.1"
  dependencies:
    "@isaacs/cliui": "npm:^8.0.2"
    "@pkgjs/parseargs": "npm:^0.11.0"
  dependenciesMeta:
    "@pkgjs/parseargs":
      optional: true
  checksum: 10c0/4cba6fc728c5460328c9fcf42f1fa780c204f8456f123b04f4b4c996e1e2af2b28ff25876bcdc19b7639dd6eb6ff6dc4a613d27f67e62cd92c4dfe2123fdaa35
  languageName: node
  linkType: hard

"jsbn@npm:1.1.0":
  version: 1.1.0
  resolution: "jsbn@npm:1.1.0"
  checksum: 10c0/4f907fb78d7b712e11dea8c165fe0921f81a657d3443dde75359ed52eb2b5d33ce6773d97985a089f09a65edd80b11cb75c767b57ba47391fee4c969f7215c96
  languageName: node
  linkType: hard

"json-parse-even-better-errors@npm:^3.0.0":
  version: 3.0.2
  resolution: "json-parse-even-better-errors@npm:3.0.2"
  checksum: 10c0/147f12b005768abe9fab78d2521ce2b7e1381a118413d634a40e6d907d7d10f5e9a05e47141e96d6853af7cc36d2c834d0a014251be48791e037ff2f13d2b94b
  languageName: node
  linkType: hard

"lru-cache@npm:^10.0.1, lru-cache@npm:^10.2.0":
  version: 10.3.1
  resolution: "lru-cache@npm:10.3.1"
  checksum: 10c0/3cb426a063bf182892ac614c24b9b971fcfe948e2ffe05316f046a6de32bbcedda956e995c0d845971f38894eb861de9b943ce3163549f1202983a9e771555d2
  languageName: node
  linkType: hard

"make-fetch-happen@npm:^13.0.0":
  version: 13.0.1
  resolution: "make-fetch-happen@npm:13.0.1"
  dependencies:
    "@npmcli/agent": "npm:^2.0.0"
    cacache: "npm:^18.0.0"
    http-cache-semantics: "npm:^4.1.1"
    is-lambda: "npm:^1.0.1"
    minipass: "npm:^7.0.2"
    minipass-fetch: "npm:^3.0.0"
    minipass-flush: "npm:^1.0.5"
    minipass-pipeline: "npm:^1.2.4"
    negotiator: "npm:^0.6.3"
    proc-log: "npm:^4.2.0"
    promise-retry: "npm:^2.0.1"
    ssri: "npm:^10.0.0"
  checksum: 10c0/df5f4dbb6d98153b751bccf4dc4cc500de85a96a9331db9805596c46aa9f99d9555983954e6c1266d9f981ae37a9e4647f42b9a4bb5466f867f4012e582c9e7e
  languageName: node
  linkType: hard

"minimatch@npm:^9.0.4":
  version: 9.0.5
  resolution: "minimatch@npm:9.0.5"
  dependencies:
    brace-expansion: "npm:^2.0.1"
  checksum: 10c0/de96cf5e35bdf0eab3e2c853522f98ffbe9a36c37797778d2665231ec1f20a9447a7e567cb640901f89e4daaa95ae5d70c65a9e8aa2bb0019b6facbc3c0575ed
  languageName: node
  linkType: hard

"minipass-collect@npm:^2.0.1":
  version: 2.0.1
  resolution: "minipass-collect@npm:2.0.1"
  dependencies:
    minipass: "npm:^7.0.3"
  checksum: 10c0/5167e73f62bb74cc5019594709c77e6a742051a647fe9499abf03c71dca75515b7959d67a764bdc4f8b361cf897fbf25e2d9869ee039203ed45240f48b9aa06e
  languageName: node
  linkType: hard

"minipass-fetch@npm:^3.0.0":
  version: 3.0.5
  resolution: "minipass-fetch@npm:3.0.5"
  dependencies:
    encoding: "npm:^0.1.13"
    minipass: "npm:^7.0.3"
    minipass-sized: "npm:^1.0.3"
    minizlib: "npm:^2.1.2"
  dependenciesMeta:
    encoding:
      optional: true
  checksum: 10c0/9d702d57f556274286fdd97e406fc38a2f5c8d15e158b498d7393b1105974b21249289ec571fa2b51e038a4872bfc82710111cf75fae98c662f3d6f95e72152b
  languageName: node
  linkType: hard

"minipass-flush@npm:^1.0.5":
  version: 1.0.5
  resolution: "minipass-flush@npm:1.0.5"
  dependencies:
    minipass: "npm:^3.0.0"
  checksum: 10c0/2a51b63feb799d2bb34669205eee7c0eaf9dce01883261a5b77410c9408aa447e478efd191b4de6fc1101e796ff5892f8443ef20d9544385819093dbb32d36bd
  languageName: node
  linkType: hard

"minipass-pipeline@npm:^1.2.4":
  version: 1.2.4
  resolution: "minipass-pipeline@npm:1.2.4"
  dependencies:
    minipass: "npm:^3.0.0"
  checksum: 10c0/cbda57cea20b140b797505dc2cac71581a70b3247b84480c1fed5ca5ba46c25ecc25f68bfc9e6dcb1a6e9017dab5c7ada5eab73ad4f0a49d84e35093e0c643f2
  languageName: node
  linkType: hard

"minipass-sized@npm:^1.0.3":
  version: 1.0.3
  resolution: "minipass-sized@npm:1.0.3"
  dependencies:
    minipass: "npm:^3.0.0"
  checksum: 10c0/298f124753efdc745cfe0f2bdfdd81ba25b9f4e753ca4a2066eb17c821f25d48acea607dfc997633ee5bf7b6dfffb4eee4f2051eb168663f0b99fad2fa4829cb
  languageName: node
  linkType: hard

"minipass@npm:^3.0.0":
  version: 3.3.6
  resolution: "minipass@npm:3.3.6"
  dependencies:
    yallist: "npm:^4.0.0"
  checksum: 10c0/a114746943afa1dbbca8249e706d1d38b85ed1298b530f5808ce51f8e9e941962e2a5ad2e00eae7dd21d8a4aae6586a66d4216d1a259385e9d0358f0c1eba16c
  languageName: node
  linkType: hard

"minipass@npm:^5.0.0":
  version: 5.0.0
  resolution: "minipass@npm:5.0.0"
  checksum: 10c0/a91d8043f691796a8ac88df039da19933ef0f633e3d7f0d35dcd5373af49131cf2399bfc355f41515dc495e3990369c3858cd319e5c2722b4753c90bf3152462
  languageName: node
  linkType: hard

"minipass@npm:^5.0.0 || ^6.0.2 || ^7.0.0, minipass@npm:^7.0.2, minipass@npm:^7.0.3, minipass@npm:^7.1.2":
  version: 7.1.2
  resolution: "minipass@npm:7.1.2"
  checksum: 10c0/b0fd20bb9fb56e5fa9a8bfac539e8915ae07430a619e4b86ff71f5fc757ef3924b23b2c4230393af1eda647ed3d75739e4e0acb250a6b1eb277cf7f8fe449557
  languageName: node
  linkType: hard

"minizlib@npm:^2.1.1, minizlib@npm:^2.1.2":
  version: 2.1.2
  resolution: "minizlib@npm:2.1.2"
  dependencies:
    minipass: "npm:^3.0.0"
    yallist: "npm:^4.0.0"
  checksum: 10c0/64fae024e1a7d0346a1102bb670085b17b7f95bf6cfdf5b128772ec8faf9ea211464ea4add406a3a6384a7d87a0cd1a96263692134323477b4fb43659a6cab78
  languageName: node
  linkType: hard

"mkdirp@npm:^1.0.3":
  version: 1.0.4
  resolution: "mkdirp@npm:1.0.4"
  bin:
    mkdirp: bin/cmd.js
  checksum: 10c0/46ea0f3ffa8bc6a5bc0c7081ffc3907777f0ed6516888d40a518c5111f8366d97d2678911ad1a6882bf592fa9de6c784fea32e1687bb94e1f4944170af48a5cf
  languageName: node
  linkType: hard

"ms@npm:2.1.2":
  version: 2.1.2
  resolution: "ms@npm:2.1.2"
  checksum: 10c0/a437714e2f90dbf881b5191d35a6db792efbca5badf112f87b9e1c712aace4b4b9b742dd6537f3edf90fd6f684de897cec230abde57e87883766712ddda297cc
  languageName: node
  linkType: hard

"negotiator@npm:^0.6.3":
  version: 0.6.3
  resolution: "negotiator@npm:0.6.3"
  checksum: 10c0/3ec9fd413e7bf071c937ae60d572bc67155262068ed522cf4b3be5edbe6ddf67d095ec03a3a14ebf8fc8e95f8e1d61be4869db0dbb0de696f6b837358bd43fc2
  languageName: node
  linkType: hard

"node-gyp@npm:^10.0.0":
  version: 10.1.0
  resolution: "node-gyp@npm:10.1.0"
  dependencies:
    env-paths: "npm:^2.2.0"
    exponential-backoff: "npm:^3.1.1"
    glob: "npm:^10.3.10"
    graceful-fs: "npm:^4.2.6"
    make-fetch-happen: "npm:^13.0.0"
    nopt: "npm:^7.0.0"
    proc-log: "npm:^3.0.0"
    semver: "npm:^7.3.5"
    tar: "npm:^6.1.2"
    which: "npm:^4.0.0"
  bin:
    node-gyp: bin/node-gyp.js
  checksum: 10c0/9cc821111ca244a01fb7f054db7523ab0a0cd837f665267eb962eb87695d71fb1e681f9e21464cc2fd7c05530dc4c81b810bca1a88f7d7186909b74477491a3c
  languageName: node
  linkType: hard

"nopt@npm:^7.0.0":
  version: 7.2.1
  resolution: "nopt@npm:7.2.1"
  dependencies:
    abbrev: "npm:^2.0.0"
  bin:
    nopt: bin/nopt.js
  checksum: 10c0/a069c7c736767121242037a22a788863accfa932ab285a1eb569eb8cd534b09d17206f68c37f096ae785647435e0c5a5a0a67b42ec743e481a455e5ae6a6df81
  languageName: node
  linkType: hard

"normalize-package-data@npm:^6.0.0":
  version: 6.0.2
  resolution: "normalize-package-data@npm:6.0.2"
  dependencies:
    hosted-git-info: "npm:^7.0.0"
    semver: "npm:^7.3.5"
    validate-npm-package-license: "npm:^3.0.4"
  checksum: 10c0/7e32174e7f5575ede6d3d449593247183880122b4967d4ae6edb28cea5769ca025defda54fc91ec0e3c972fdb5ab11f9284606ba278826171b264cb16a9311ef
  languageName: node
  linkType: hard

"npm-install-checks@npm:^6.0.0":
  version: 6.3.0
  resolution: "npm-install-checks@npm:6.3.0"
  dependencies:
    semver: "npm:^7.1.1"
  checksum: 10c0/b046ef1de9b40f5d3a9831ce198e1770140a1c3f253dae22eb7b06045191ef79f18f1dcc15a945c919b3c161426861a28050abd321bf439190185794783b6452
  languageName: node
  linkType: hard

"npm-normalize-package-bin@npm:3.0.1, npm-normalize-package-bin@npm:^3.0.0":
  version: 3.0.1
  resolution: "npm-normalize-package-bin@npm:3.0.1"
  checksum: 10c0/f1831a7f12622840e1375c785c3dab7b1d82dd521211c17ee5e9610cd1a34d8b232d3fdeebf50c170eddcb321d2c644bf73dbe35545da7d588c6b3fa488db0a5
  languageName: node
  linkType: hard

"npm-package-arg@npm:^11.0.0":
  version: 11.0.2
  resolution: "npm-package-arg@npm:11.0.2"
  dependencies:
    hosted-git-info: "npm:^7.0.0"
    proc-log: "npm:^4.0.0"
    semver: "npm:^7.3.5"
    validate-npm-package-name: "npm:^5.0.0"
  checksum: 10c0/d730572e128980db45c97c184a454cb565283bf849484bf92e3b4e8ec2d08a21bd4b2cba9467466853add3e8c7d81e5de476904ac241f3ae63e6905dfc8196d4
  languageName: node
  linkType: hard

"npm-pick-manifest@npm:^9.0.0":
  version: 9.0.1
  resolution: "npm-pick-manifest@npm:9.0.1"
  dependencies:
    npm-install-checks: "npm:^6.0.0"
    npm-normalize-package-bin: "npm:^3.0.0"
    npm-package-arg: "npm:^11.0.0"
    semver: "npm:^7.3.5"
  checksum: 10c0/c9b93a533b599bccba4f5d7ba313725d83a0058d981e8318176bfbb3a6c9435acd1a995847eaa3ffb45162161947db9b0674ceee13cfe716b345573ca1073d8e
  languageName: node
  linkType: hard

"p-map@npm:^4.0.0":
  version: 4.0.0
  resolution: "p-map@npm:4.0.0"
  dependencies:
    aggregate-error: "npm:^3.0.0"
  checksum: 10c0/592c05bd6262c466ce269ff172bb8de7c6975afca9b50c975135b974e9bdaafbfe80e61aaaf5be6d1200ba08b30ead04b88cfa7e25ff1e3b93ab28c9f62a2c75
  languageName: node
  linkType: hard

"package-json-from-dist@npm:^1.0.0":
  version: 1.0.0
  resolution: "package-json-from-dist@npm:1.0.0"
  checksum: 10c0/e3ffaf6ac1040ab6082a658230c041ad14e72fabe99076a2081bb1d5d41210f11872403fc09082daf4387fc0baa6577f96c9c0e94c90c394fd57794b66aa4033
  languageName: node
  linkType: hard

"path-key@npm:^3.1.0":
  version: 3.1.1
  resolution: "path-key@npm:3.1.1"
  checksum: 10c0/748c43efd5a569c039d7a00a03b58eecd1d75f3999f5a28303d75f521288df4823bc057d8784eb72358b2895a05f29a070bc9f1f17d28226cc4e62494cc58c4c
  languageName: node
  linkType: hard

"path-parse@npm:^1.0.7":
  version: 1.0.7
  resolution: "path-parse@npm:1.0.7"
  checksum: 10c0/11ce261f9d294cc7a58d6a574b7f1b935842355ec66fba3c3fd79e0f036462eaf07d0aa95bb74ff432f9afef97ce1926c720988c6a7451d8a584930ae7de86e1
  languageName: node
  linkType: hard

"path-scurry@npm:^1.11.1":
  version: 1.11.1
  resolution: "path-scurry@npm:1.11.1"
  dependencies:
    lru-cache: "npm:^10.2.0"
    minipass: "npm:^5.0.0 || ^6.0.2 || ^7.0.0"
  checksum: 10c0/32a13711a2a505616ae1cc1b5076801e453e7aae6ac40ab55b388bb91b9d0547a52f5aaceff710ea400205f18691120d4431e520afbe4266b836fadede15872d
  languageName: node
  linkType: hard

"proc-log@npm:^3.0.0":
  version: 3.0.0
  resolution: "proc-log@npm:3.0.0"
  checksum: 10c0/f66430e4ff947dbb996058f6fd22de2c66612ae1a89b097744e17fb18a4e8e7a86db99eda52ccf15e53f00b63f4ec0b0911581ff2aac0355b625c8eac509b0dc
  languageName: node
  linkType: hard

"proc-log@npm:^4.0.0, proc-log@npm:^4.2.0":
  version: 4.2.0
  resolution: "proc-log@npm:4.2.0"
  checksum: 10c0/17db4757c2a5c44c1e545170e6c70a26f7de58feb985091fb1763f5081cab3d01b181fb2dd240c9f4a4255a1d9227d163d5771b7e69c9e49a561692db865efb9
  languageName: node
  linkType: hard

"promise-inflight@npm:^1.0.1":
  version: 1.0.1
  resolution: "promise-inflight@npm:1.0.1"
  checksum: 10c0/d179d148d98fbff3d815752fa9a08a87d3190551d1420f17c4467f628214db12235ae068d98cd001f024453676d8985af8f28f002345646c4ece4600a79620bc
  languageName: node
  linkType: hard

"promise-retry@npm:^2.0.1":
  version: 2.0.1
  resolution: "promise-retry@npm:2.0.1"
  dependencies:
    err-code: "npm:^2.0.2"
    retry: "npm:^0.12.0"
  checksum: 10c0/9c7045a1a2928094b5b9b15336dcd2a7b1c052f674550df63cc3f36cd44028e5080448175b6f6ca32b642de81150f5e7b1a98b728f15cb069f2dd60ac2616b96
  languageName: node
  linkType: hard

"read-cmd-shim@npm:^4.0.0":
  version: 4.0.0
  resolution: "read-cmd-shim@npm:4.0.0"
  checksum: 10c0/e62db17ec9708f1e7c6a31f0a46d43df2069d85cf0df3b9d1d99e5ed36e29b1e8b2f8a427fd8bbb9bc40829788df1471794f9b01057e4b95ed062806e4df5ba9
  languageName: node
  linkType: hard

"require-directory@npm:^2.1.1":
  version: 2.1.1
  resolution: "require-directory@npm:2.1.1"
  checksum: 10c0/83aa76a7bc1531f68d92c75a2ca2f54f1b01463cb566cf3fbc787d0de8be30c9dbc211d1d46be3497dac5785fe296f2dd11d531945ac29730643357978966e99
  languageName: node
  linkType: hard

"resolve@npm:1.22.8":
  version: 1.22.8
  resolution: "resolve@npm:1.22.8"
  dependencies:
    is-core-module: "npm:^2.13.0"
    path-parse: "npm:^1.0.7"
    supports-preserve-symlinks-flag: "npm:^1.0.0"
  bin:
    resolve: bin/resolve
  checksum: 10c0/07e179f4375e1fd072cfb72ad66d78547f86e6196c4014b31cb0b8bb1db5f7ca871f922d08da0fbc05b94e9fd42206f819648fa3b5b873ebbc8e1dc68fec433a
  languageName: node
  linkType: hard

"resolve@patch:resolve@npm%3A1.22.8#optional!builtin<compat/resolve>":
  version: 1.22.8
  resolution: "resolve@patch:resolve@npm%3A1.22.8#optional!builtin<compat/resolve>::version=1.22.8&hash=c3c19d"
  dependencies:
    is-core-module: "npm:^2.13.0"
    path-parse: "npm:^1.0.7"
    supports-preserve-symlinks-flag: "npm:^1.0.0"
  bin:
    resolve: bin/resolve
  checksum: 10c0/0446f024439cd2e50c6c8fa8ba77eaa8370b4180f401a96abf3d1ebc770ac51c1955e12764cde449fde3fff480a61f84388e3505ecdbab778f4bef5f8212c729
  languageName: node
  linkType: hard

"retry@npm:^0.12.0":
  version: 0.12.0
  resolution: "retry@npm:0.12.0"
  checksum: 10c0/59933e8501727ba13ad73ef4a04d5280b3717fd650408460c987392efe9d7be2040778ed8ebe933c5cbd63da3dcc37919c141ef8af0a54a6e4fca5a2af177bfe
  languageName: node
  linkType: hard

"safer-buffer@npm:>= 2.1.2 < 3.0.0":
  version: 2.1.2
  resolution: "safer-buffer@npm:2.1.2"
  checksum: 10c0/7e3c8b2e88a1841c9671094bbaeebd94448111dd90a81a1f606f3f67708a6ec57763b3b47f06da09fc6054193e0e6709e77325415dc8422b04497a8070fa02d4
  languageName: node
  linkType: hard

"semver@npm:^7.1.1, semver@npm:^7.3.5, semver@npm:^7.5.3":
  version: 7.6.2
  resolution: "semver@npm:7.6.2"
  bin:
    semver: bin/semver.js
  checksum: 10c0/97d3441e97ace8be4b1976433d1c32658f6afaff09f143e52c593bae7eef33de19e3e369c88bd985ce1042c6f441c80c6803078d1de2a9988080b66684cbb30c
  languageName: node
  linkType: hard

"shebang-command@npm:^2.0.0":
  version: 2.0.0
  resolution: "shebang-command@npm:2.0.0"
  dependencies:
    shebang-regex: "npm:^3.0.0"
  checksum: 10c0/a41692e7d89a553ef21d324a5cceb5f686d1f3c040759c50aab69688634688c5c327f26f3ecf7001ebfd78c01f3c7c0a11a7c8bfd0a8bc9f6240d4f40b224e4e
  languageName: node
  linkType: hard

"shebang-regex@npm:^3.0.0":
  version: 3.0.0
  resolution: "shebang-regex@npm:3.0.0"
  checksum: 10c0/1dbed0726dd0e1152a92696c76c7f06084eb32a90f0528d11acd764043aacf76994b2fb30aa1291a21bd019d6699164d048286309a278855ee7bec06cf6fb690
  languageName: node
  linkType: hard

"signal-exit@npm:^4.0.1":
  version: 4.1.0
  resolution: "signal-exit@npm:4.1.0"
  checksum: 10c0/41602dce540e46d599edba9d9860193398d135f7ff72cab629db5171516cfae628d21e7bfccde1bbfdf11c48726bc2a6d1a8fb8701125852fbfda7cf19c6aa83
  languageName: node
  linkType: hard

"smart-buffer@npm:^4.2.0":
  version: 4.2.0
  resolution: "smart-buffer@npm:4.2.0"
  checksum: 10c0/a16775323e1404dd43fabafe7460be13a471e021637bc7889468eb45ce6a6b207261f454e4e530a19500cc962c4cc5348583520843b363f4193cee5c00e1e539
  languageName: node
  linkType: hard

"socks-proxy-agent@npm:^8.0.3":
  version: 8.0.4
  resolution: "socks-proxy-agent@npm:8.0.4"
  dependencies:
    agent-base: "npm:^7.1.1"
    debug: "npm:^4.3.4"
    socks: "npm:^2.8.3"
  checksum: 10c0/345593bb21b95b0508e63e703c84da11549f0a2657d6b4e3ee3612c312cb3a907eac10e53b23ede3557c6601d63252103494caa306b66560f43af7b98f53957a
  languageName: node
  linkType: hard

"socks@npm:^2.8.3":
  version: 2.8.3
  resolution: "socks@npm:2.8.3"
  dependencies:
    ip-address: "npm:^9.0.5"
    smart-buffer: "npm:^4.2.0"
  checksum: 10c0/d54a52bf9325165770b674a67241143a3d8b4e4c8884560c4e0e078aace2a728dffc7f70150660f51b85797c4e1a3b82f9b7aa25e0a0ceae1a243365da5c51a7
  languageName: node
  linkType: hard

"spdx-correct@npm:^3.0.0":
  version: 3.2.0
  resolution: "spdx-correct@npm:3.2.0"
  dependencies:
    spdx-expression-parse: "npm:^3.0.0"
    spdx-license-ids: "npm:^3.0.0"
  checksum: 10c0/49208f008618b9119208b0dadc9208a3a55053f4fd6a0ae8116861bd22696fc50f4142a35ebfdb389e05ccf2de8ad142573fefc9e26f670522d899f7b2fe7386
  languageName: node
  linkType: hard

"spdx-exceptions@npm:^2.1.0":
  version: 2.5.0
  resolution: "spdx-exceptions@npm:2.5.0"
  checksum: 10c0/37217b7762ee0ea0d8b7d0c29fd48b7e4dfb94096b109d6255b589c561f57da93bf4e328c0290046115961b9209a8051ad9f525e48d433082fc79f496a4ea940
  languageName: node
  linkType: hard

"spdx-expression-parse@npm:^3.0.0":
  version: 3.0.1
  resolution: "spdx-expression-parse@npm:3.0.1"
  dependencies:
    spdx-exceptions: "npm:^2.1.0"
    spdx-license-ids: "npm:^3.0.0"
  checksum: 10c0/6f8a41c87759fa184a58713b86c6a8b028250f158159f1d03ed9d1b6ee4d9eefdc74181c8ddc581a341aa971c3e7b79e30b59c23b05d2436d5de1c30bdef7171
  languageName: node
  linkType: hard

"spdx-license-ids@npm:^3.0.0":
  version: 3.0.18
  resolution: "spdx-license-ids@npm:3.0.18"
  checksum: 10c0/c64ba03d4727191c8fdbd001f137d6ab51386c350d5516be8a4576c2e74044cb27bc8a758f6a04809da986cc0b14213f069b04de72caccecbc9f733753ccde32
  languageName: node
  linkType: hard

"sprintf-js@npm:^1.1.3":
  version: 1.1.3
  resolution: "sprintf-js@npm:1.1.3"
  checksum: 10c0/09270dc4f30d479e666aee820eacd9e464215cdff53848b443964202bf4051490538e5dd1b42e1a65cf7296916ca17640aebf63dae9812749c7542ee5f288dec
  languageName: node
  linkType: hard

"ssri@npm:^10.0.0":
  version: 10.0.6
  resolution: "ssri@npm:10.0.6"
  dependencies:
    minipass: "npm:^7.0.3"
  checksum: 10c0/e5a1e23a4057a86a97971465418f22ea89bd439ac36ade88812dd920e4e61873e8abd6a9b72a03a67ef50faa00a2daf1ab745c5a15b46d03e0544a0296354227
  languageName: node
  linkType: hard

"string-width-cjs@npm:string-width@^4.2.0, string-width@npm:^4.1.0, string-width@npm:^4.2.0, string-width@npm:^4.2.3":
  version: 4.2.3
  resolution: "string-width@npm:4.2.3"
  dependencies:
    emoji-regex: "npm:^8.0.0"
    is-fullwidth-code-point: "npm:^3.0.0"
    strip-ansi: "npm:^6.0.1"
  checksum: 10c0/1e525e92e5eae0afd7454086eed9c818ee84374bb80328fc41217ae72ff5f065ef1c9d7f72da41de40c75fa8bb3dee63d92373fd492c84260a552c636392a47b
  languageName: node
  linkType: hard

"string-width@npm:^5.0.1, string-width@npm:^5.1.2":
  version: 5.1.2
  resolution: "string-width@npm:5.1.2"
  dependencies:
    eastasianwidth: "npm:^0.2.0"
    emoji-regex: "npm:^9.2.2"
    strip-ansi: "npm:^7.0.1"
  checksum: 10c0/ab9c4264443d35b8b923cbdd513a089a60de339216d3b0ed3be3ba57d6880e1a192b70ae17225f764d7adbf5994e9bb8df253a944736c15a0240eff553c678ca
  languageName: node
  linkType: hard

"strip-ansi-cjs@npm:strip-ansi@^6.0.1, strip-ansi@npm:^6.0.0, strip-ansi@npm:^6.0.1":
  version: 6.0.1
  resolution: "strip-ansi@npm:6.0.1"
  dependencies:
    ansi-regex: "npm:^5.0.1"
  checksum: 10c0/1ae5f212a126fe5b167707f716942490e3933085a5ff6c008ab97ab2f272c8025d3aa218b7bd6ab25729ca20cc81cddb252102f8751e13482a5199e873680952
  languageName: node
  linkType: hard

"strip-ansi@npm:^7.0.1":
  version: 7.1.0
  resolution: "strip-ansi@npm:7.1.0"
  dependencies:
    ansi-regex: "npm:^6.0.1"
  checksum: 10c0/a198c3762e8832505328cbf9e8c8381de14a4fa50a4f9b2160138158ea88c0f5549fb50cb13c651c3088f47e63a108b34622ec18c0499b6c8c3a5ddf6b305ac4
  languageName: node
  linkType: hard

"supports-preserve-symlinks-flag@npm:^1.0.0":
  version: 1.0.0
  resolution: "supports-preserve-symlinks-flag@npm:1.0.0"
  checksum: 10c0/6c4032340701a9950865f7ae8ef38578d8d7053f5e10518076e6554a9381fa91bd9c6850193695c141f32b21f979c985db07265a758867bac95de05f7d8aeb39
  languageName: node
  linkType: hard

"tar@npm:^6.1.11, tar@npm:^6.1.2":
  version: 6.2.1
  resolution: "tar@npm:6.2.1"
  dependencies:
    chownr: "npm:^2.0.0"
    fs-minipass: "npm:^2.0.0"
    minipass: "npm:^5.0.0"
    minizlib: "npm:^2.1.1"
    mkdirp: "npm:^1.0.3"
    yallist: "npm:^4.0.0"
  checksum: 10c0/a5eca3eb50bc11552d453488344e6507156b9193efd7635e98e867fab275d527af53d8866e2370cd09dfe74378a18111622ace35af6a608e5223a7d27fe99537
  languageName: node
  linkType: hard

"unique-filename@npm:^3.0.0":
  version: 3.0.0
  resolution: "unique-filename@npm:3.0.0"
  dependencies:
    unique-slug: "npm:^4.0.0"
  checksum: 10c0/6363e40b2fa758eb5ec5e21b3c7fb83e5da8dcfbd866cc0c199d5534c42f03b9ea9ab069769cc388e1d7ab93b4eeef28ef506ab5f18d910ef29617715101884f
  languageName: node
  linkType: hard

"unique-slug@npm:^4.0.0":
  version: 4.0.0
  resolution: "unique-slug@npm:4.0.0"
  dependencies:
    imurmurhash: "npm:^0.1.4"
  checksum: 10c0/cb811d9d54eb5821b81b18205750be84cb015c20a4a44280794e915f5a0a70223ce39066781a354e872df3572e8155c228f43ff0cce94c7cbf4da2cc7cbdd635
  languageName: node
  linkType: hard

"validate-npm-package-license@npm:^3.0.4":
  version: 3.0.4
  resolution: "validate-npm-package-license@npm:3.0.4"
  dependencies:
    spdx-correct: "npm:^3.0.0"
    spdx-expression-parse: "npm:^3.0.0"
  checksum: 10c0/7b91e455a8de9a0beaa9fe961e536b677da7f48c9a493edf4d4d4a87fd80a7a10267d438723364e432c2fcd00b5650b5378275cded362383ef570276e6312f4f
  languageName: node
  linkType: hard

"validate-npm-package-name@npm:^5.0.0":
  version: 5.0.1
  resolution: "validate-npm-package-name@npm:5.0.1"
  checksum: 10c0/903e738f7387404bb72f7ac34e45d7010c877abd2803dc2d614612527927a40a6d024420033132e667b1bade94544b8a1f65c9431a4eb30d0ce0d80093cd1f74
  languageName: node
  linkType: hard

"which@npm:^2.0.1":
  version: 2.0.2
  resolution: "which@npm:2.0.2"
  dependencies:
    isexe: "npm:^2.0.0"
  bin:
    node-which: ./bin/node-which
  checksum: 10c0/66522872a768b60c2a65a57e8ad184e5372f5b6a9ca6d5f033d4b0dc98aff63995655a7503b9c0a2598936f532120e81dd8cc155e2e92ed662a2b9377cc4374f
  languageName: node
  linkType: hard

"which@npm:^4.0.0":
  version: 4.0.0
  resolution: "which@npm:4.0.0"
  dependencies:
    isexe: "npm:^3.1.1"
  bin:
    node-which: bin/which.js
  checksum: 10c0/449fa5c44ed120ccecfe18c433296a4978a7583bf2391c50abce13f76878d2476defde04d0f79db8165bdf432853c1f8389d0485ca6e8ebce3bbcded513d5e6a
  languageName: node
  linkType: hard

"wrap-ansi-cjs@npm:wrap-ansi@^7.0.0, wrap-ansi@npm:^7.0.0":
  version: 7.0.0
  resolution: "wrap-ansi@npm:7.0.0"
  dependencies:
    ansi-styles: "npm:^4.0.0"
    string-width: "npm:^4.1.0"
    strip-ansi: "npm:^6.0.0"
  checksum: 10c0/d15fc12c11e4cbc4044a552129ebc75ee3f57aa9c1958373a4db0292d72282f54373b536103987a4a7594db1ef6a4f10acf92978f79b98c49306a4b58c77d4da
  languageName: node
  linkType: hard

"wrap-ansi@npm:^8.1.0":
  version: 8.1.0
  resolution: "wrap-ansi@npm:8.1.0"
  dependencies:
    ansi-styles: "npm:^6.1.0"
    string-width: "npm:^5.0.1"
    strip-ansi: "npm:^7.0.1"
  checksum: 10c0/138ff58a41d2f877eae87e3282c0630fc2789012fc1af4d6bd626eeb9a2f9a65ca92005e6e69a75c7b85a68479fe7443c7dbe1eb8fbaa681a4491364b7c55c60
  languageName: node
  linkType: hard

"write-file-atomic@npm:^5.0.0":
  version: 5.0.1
  resolution: "write-file-atomic@npm:5.0.1"
  dependencies:
    imurmurhash: "npm:^0.1.4"
    signal-exit: "npm:^4.0.1"
  checksum: 10c0/e8c850a8e3e74eeadadb8ad23c9d9d63e4e792bd10f4836ed74189ef6e996763959f1249c5650e232f3c77c11169d239cbfc8342fc70f3fe401407d23810505d
  languageName: node
  linkType: hard

"xxx@workspace:.":
  version: 0.0.0-use.local
  resolution: "xxx@workspace:."
  dependencies:
    "@lavamoat/allow-scripts": "npm:^3.1.0"
    "@lavamoat/preinstall-always-fail": "npm:^2.0.0"
  languageName: unknown
  linkType: soft

"y18n@npm:^5.0.5":
  version: 5.0.8
  resolution: "y18n@npm:5.0.8"
  checksum: 10c0/4df2842c36e468590c3691c894bc9cdbac41f520566e76e24f59401ba7d8b4811eb1e34524d57e54bc6d864bcb66baab7ffd9ca42bf1eda596618f9162b91249
  languageName: node
  linkType: hard

"yallist@npm:^4.0.0":
  version: 4.0.0
  resolution: "yallist@npm:4.0.0"
  checksum: 10c0/2286b5e8dbfe22204ab66e2ef5cc9bbb1e55dfc873bbe0d568aa943eb255d131890dfd5bf243637273d31119b870f49c18fcde2c6ffbb7a7a092b870dc90625a
  languageName: node
  linkType: hard

"yargs-parser@npm:^21.1.1":
  version: 21.1.1
  resolution: "yargs-parser@npm:21.1.1"
  checksum: 10c0/f84b5e48169479d2f402239c59f084cfd1c3acc197a05c59b98bab067452e6b3ea46d4dd8ba2985ba7b3d32a343d77df0debd6b343e5dae3da2aab2cdf5886b2
  languageName: node
  linkType: hard

"yargs@npm:17.7.2":
  version: 17.7.2
  resolution: "yargs@npm:17.7.2"
  dependencies:
    cliui: "npm:^8.0.1"
    escalade: "npm:^3.1.1"
    get-caller-file: "npm:^2.0.5"
    require-directory: "npm:^2.1.1"
    string-width: "npm:^4.2.3"
    y18n: "npm:^5.0.5"
    yargs-parser: "npm:^21.1.1"
  checksum: 10c0/ccd7e723e61ad5965fffbb791366db689572b80cca80e0f96aad968dfff4156cd7cd1ad18607afe1046d8241e6fb2d6c08bf7fa7bfb5eaec818735d8feac8f05
  languageName: node
  linkType: hard
