# This file is generated by running "yarn install" inside your project.
# Manual changes might be lost - proceed with caution!

__metadata:
  version: 8
  cacheKey: 10c0

"fork-branch@naugtur/not-really-a-package#testbranch":
  version: 1.0.0
  resolution: "fork-branch@https://github.com/naugtur/not-really-a-package.git#commit=107f4adf7fa588b3c6cd6487502bb8e8d144e5e0"
  checksum: 10c0/0e9bc1a926161d23bcaa88f61069f5537a6183f1f1d1b02fed1d0b930866ea2f701dff360459110589bca0c62e3ce7108d6ecb7f1cb542701474b53200657cad
  languageName: node
  linkType: hard

"fork-full-hash@naugtur/not-really-a-package#05ba7b1263a4ba5b98eaf5c103432297962c4719":
  version: 1.0.1
  resolution: "fork-full-hash@https://github.com/naugtur/not-really-a-package.git#commit=05ba7b1263a4ba5b98eaf5c103432297962c4719"
  checksum: 10c0/b2d8f54259cb05d178023cf21484d90898acdd9acb0f3811ef50128c0b5aa6cd13a1400cf7400409ead1b4d6eda6b055d0660fed4346ebaa82eeadd8de36b796
  languageName: node
  linkType: hard

"fork-merge-hash@naugtur/not-really-a-package#2a0d442b8a68a802b72f6a4a8240d2ae8ef950aa":
  version: 1.0.1
  resolution: "fork-merge-hash@https://github.com/naugtur/not-really-a-package.git#commit=2a0d442b8a68a802b72f6a4a8240d2ae8ef950aa"
  checksum: 10c0/b17018a6dacae5c7ab8b2b1868d122d2a668315d3deebfa1b24ae9d8aa3cc933fcda434e2c06a6fce52af567b86aa1401706859599bc4e14fc0f3cea11c86d2b
  languageName: node
  linkType: hard

"git-http@git+http://github.com/naugtur/not-really-a-package":
  version: 1.0.0
  resolution: "git-http@git+http://github.com/naugtur/not-really-a-package#commit=107f4adf7fa588b3c6cd6487502bb8e8d144e5e0"
  checksum: 10c0/28340cf83944d2fed941aaa3290340545279c1a5d7658fc4e0acd515f33df5fb4184f419e37b8b668b66f3fceba2f59ce1e54b41da8f6ae2ed8e3083b44bead8
  languageName: node
  linkType: hard

"git-https@git+https://github.com/naugtur/not-really-a-package":
  version: 1.0.0
  resolution: "git-https@https://github.com/naugtur/not-really-a-package.git#commit=107f4adf7fa588b3c6cd6487502bb8e8d144e5e0"
  checksum: 10c0/baf49e26649030a97d4a72010c891dc995b266821245630793e4fc7ea27b0f4c4fa14f1eaecb8216ad9ebe0855cdaee4e025262171bb4490e864224bb93fbf96
  languageName: node
  linkType: hard

"yo@workspace:.":
  version: 0.0.0-use.local
  resolution: "yo@workspace:."
  dependencies:
    fork-branch: "naugtur/not-really-a-package#testbranch"
    fork-full-hash: "naugtur/not-really-a-package#05ba7b1263a4ba5b98eaf5c103432297962c4719"
    fork-merge-hash: "naugtur/not-really-a-package#2a0d442b8a68a802b72f6a4a8240d2ae8ef950aa"
    git-http: "git+http://github.com/naugtur/not-really-a-package"
    git-https: "git+https://github.com/naugtur/not-really-a-package"
  languageName: unknown
  linkType: soft
