{
  "name": "poc1",
  "lockfileVersion": 3,
  "requires": true,
  "packages": {
    "": {
      "name": "poc1",
      "dependencies": {
        "evil-package": "file:./node-modules/evil-package",
        "vulnerable-package": "file:./node-modules/vulnerable-package"
      }
    },
    "node_modules/evil-package": {
      "resolved": "node-modules/evil-package",
      "link": true
    },
    "node_modules/vulnerable-package": {
      "resolved": "node-modules/vulnerable-package",
      "link": true
    },
    "node-modules/evil-package": {
      "version": "1.0.0"
    },
    "node-modules/vulnerable-package": {
      "version": "1.0.0"
    }
  }
}
