# THIS IS AN AUTOGENERATED FILE. DO NOT EDIT THIS FILE DIRECTLY.
# yarn lockfile v1


"evil-package@file:./node-modules/evil-package":
  version "1.0.0"
  resolved "file:node-modules/evil-package"

"vulnerable-package@file:./node-modules/vulnerable-package":
  version "1.0.0"
  resolved "file:node-modules/vulnerable-package"
