# THIS IS AN AUTOGENERATED FILE. DO NOT EDIT THIS FILE DIRECTLY.
# yarn lockfile v1


"0zero@file:node-modules/0zero":
  version "1.0.0"

"a@file:./node-modules/a":
  version "1.0.0"
  dependencies:
    "0zero" "file:../../../../../../../.cache/yarn/v6/npm-a-1.0.0-a1750dc6-93f0-40e7-8e5c-7410f730487d-1733396714981/node_modules/0zero"

"b@file:./node-modules/b":
  version "1.0.0"
