{
  "name": "__sandbox_node",
  "version": "1.0.0",
  "lockfileVersion": 3,
  "requires": true,
  "packages": {
    "": {
      "name": "__sandbox_node",
      "version": "1.0.0",
      "license": "ISC",
      "dependencies": {
        "@noble/hashes": "^2.0.1",
        "local__package": "file:__package"
      },
      "devDependencies": {
        "@lavamoat/node": "file:../../node"
      }
    },
    "__package": {
      "name": "local__package",
      "version": "1.0.0",
      "license": "ISC"
    },
    "../../node": {
      "name": "@lavamoat/node",
      "version": "1.0.0",
      "dev": true,
      "license": "MIT",
      "dependencies": {
        "@babel/parser": "7.27.3",
        "@endo/compartment-mapper": "2.0.0",
        "@endo/evasive-transform": "2.1.0",
        "@lavamoat/types": "^1.0.0",
        "@types/node": "20.19.34",
        "chalk": "4.1.2",
        "lavamoat-core": "^18.0.0",
        "lavamoat-tofu": "^9.0.0",
        "loggerr": "4.2.0",
        "ses": "1.15.0",
        "terminal-link": "3.0.0",
        "type-fest": "4.41.0",
        "yargs": "17.7.2"
      },
      "bin": {
        "lavamoat": "src/cli.js"
      },
      "devDependencies": {
        "json-stable-stringify": "1.3.0",
        "memfs": "4.17.2"
      },
      "engines": {
        "node": "^20.19.0 || ^22.5.1 || ^24.0.0",
        "npm": ">=9.0.0"
      }
    },
    "node_modules/@lavamoat/node": {
      "resolved": "../../node",
      "link": true
    },
    "node_modules/@noble/hashes": {
      "version": "2.0.1",
      "resolved": "https://registry.npmjs.org/@noble/hashes/-/hashes-2.0.1.tgz",
      "integrity": "sha512-XlOlEbQcE9fmuXxrVTXCTlG2nlRXa9Rj3rr5Ue/+tX+nmkgbX720YHh0VR3hBF9xDvwnb8D2shVGOwNx+ulArw==",
      "license": "MIT",
      "engines": {
        "node": ">= 20.19.0"
      },
      "funding": {
        "url": "https://paulmillr.com/funding/"
      }
    },
    "node_modules/local__package": {
      "resolved": "__package",
      "link": true
    }
  }
}
