{
  "name": "yo",
  "version": "1.0.0",
  "lockfileVersion": 3,
  "requires": true,
  "packages": {
    "": {
      "name": "yo",
      "version": "1.0.0",
      "license": "ISC",
      "workspaces": [
        "workspaces/*"
      ]
    },
    "node_modules/fork-branch": {
      "name": "not-really-a-package",
      "version": "1.0.0",
      "resolved": "git+ssh://git@github.com/naugtur/not-really-a-package.git#107f4adf7fa588b3c6cd6487502bb8e8d144e5e0",
      "license": "MIT"
    },
    "node_modules/fork-full-hash": {
      "name": "not-really-a-package",
      "version": "1.0.1",
      "resolved": "git+ssh://git@github.com/naugtur/not-really-a-package.git#05ba7b1263a4ba5b98eaf5c103432297962c4719",
      "integrity": "sha512-luqrDY2RHzVzn9qllzwlHK6Gk/4WKlMCL+9aZgn3MmiW5PqFsLUseRKuMl28BeXoVVyV5U71MdcChfLaHGtH/A==",
      "license": "MIT"
    },
    "node_modules/fork-longer-hash": {
      "name": "not-really-a-package",
      "version": "1.0.1",
      "resolved": "git+ssh://git@github.com/naugtur/not-really-a-package.git#05ba7b1263a4ba5b98eaf5c103432297962c4719",
      "license": "MIT"
    },
    "node_modules/fork-merge-hash": {
      "name": "not-really-a-package",
      "version": "1.0.1",
      "resolved": "git+ssh://git@github.com/naugtur/not-really-a-package.git#2a0d442b8a68a802b72f6a4a8240d2ae8ef950aa",
      "integrity": "sha512-luqrDY2RHzVzn9qllzwlHK6Gk/4WKlMCL+9aZgn3MmiW5PqFsLUseRKuMl28BeXoVVyV5U71MdcChfLaHGtH/A==",
      "license": "MIT"
    },
    "node_modules/fork-short-hash": {
      "name": "not-really-a-package",
      "version": "1.0.1",
      "resolved": "git+ssh://git@github.com/naugtur/not-really-a-package.git#05ba7b1263a4ba5b98eaf5c103432297962c4719",
      "license": "MIT"
    },
    "node_modules/git-http": {
      "name": "not-really-a-package",
      "version": "1.0.0",
      "resolved": "git+http://github.com/naugtur/not-really-a-package#107f4adf7fa588b3c6cd6487502bb8e8d144e5e0",
      "license": "MIT"
    },
    "node_modules/git-https": {
      "name": "not-really-a-package",
      "version": "1.0.0",
      "resolved": "git+ssh://git@github.com/naugtur/not-really-a-package.git#107f4adf7fa588b3c6cd6487502bb8e8d144e5e0",
      "license": "MIT"
    },
    "node_modules/git-https-hash-short": {
      "name": "not-really-a-package",
      "version": "1.0.0",
      "resolved": "git+ssh://git@github.com/naugtur/not-really-a-package.git#107f4adf7fa588b3c6cd6487502bb8e8d144e5e0",
      "license": "MIT"
    },
    "node_modules/yo1": {
      "resolved": "workspaces/example",
      "link": true
    },
    "node_modules/yo2": {
      "resolved": "workspaces/example2",
      "link": true
    },
    "workspaces/example": {
      "name": "yo1",
      "version": "1.0.0",
      "license": "ISC",
      "dependencies": {
        "fork-branch": "naugtur/not-really-a-package#testbranch",
        "fork-full-hash": "naugtur/not-really-a-package#05ba7b1263a4ba5b98eaf5c103432297962c4719",
        "fork-longer-hash": "naugtur/not-really-a-package#05ba7b1263a4ba5b98",
        "fork-merge-hash": "naugtur/not-really-a-package#2a0d442b8a68a802b72f6a4a8240d2ae8ef950aa",
        "fork-short-hash": "naugtur/not-really-a-package#05ba7b1"
      }
    },
    "workspaces/example2": {
      "name": "yo2",
      "version": "1.0.0",
      "license": "ISC",
      "dependencies": {
        "git-http": "git+http://github.com/naugtur/not-really-a-package",
        "git-https": "git+https://github.com/naugtur/not-really-a-package",
        "git-https-hash-short": "git+https://github.com/naugtur/not-really-a-package#107f4ad"
      }
    }
  }
}
