# This file is generated by running "yarn install" inside your project.
# Manual changes might be lost - proceed with caution!

__metadata:
  version: 10
  cacheKey: 10c0

"nested-workspace-package@workspace:packages/nested":
  version: 0.0.0-use.local
  resolution: "nested-workspace-package@workspace:packages/nested"
  languageName: unknown
  linkType: soft

"test-yarn-workspace-project@workspace:.":
  version: 0.0.0-use.local
  resolution: "test-yarn-workspace-project@workspace:."
  languageName: unknown
  linkType: soft
